// !$*UTF8*$!
{
	archiveVersion = 1;
	classes = {
	};
	objectVersion = 46;
	objects = {

/* Begin PBXBuildFile section */
		13B2567A1F499FD23F022AE6 /* libPods-barbooks-ipad.a in Frameworks */ = {isa = PBXBuildFile; fileRef = DCCE2E9E5225B2BC91F578A0 /* libPods-barbooks-ipad.a */; };
		36062BC91B6CF6D80088DB29 /* BBTimers.m in Sources */ = {isa = PBXBuildFile; fileRef = 36062BC81B6CF6D80088DB29 /* BBTimers.m */; };
		360BD8EF1B770CF10012C4F0 /* BBRateListViewController.m in Sources */ = {isa = PBXBuildFile; fileRef = 360BD8EE1B770CF10012C4F0 /* BBRateListViewController.m */; };
		362543071B512BB8004C8116 /* BBExpenseListViewController.m in Sources */ = {isa = PBXBuildFile; fileRef = 362543061B512BB8004C8116 /* BBExpenseListViewController.m */; };
		3625430A1B512C08004C8116 /* BBExpenseTableViewCell.m in Sources */ = {isa = PBXBuildFile; fileRef = 362543091B512C08004C8116 /* BBExpenseTableViewCell.m */; };
		363C3A3E1B1C7A6B00B92513 /* BBMenuViewController.m in Sources */ = {isa = PBXBuildFile; fileRef = 363C3A3D1B1C7A6B00B92513 /* BBMenuViewController.m */; };
		363E451C1B4FED420080CE38 /* BBExpenseViewController.m in Sources */ = {isa = PBXBuildFile; fileRef = 363E451B1B4FED420080CE38 /* BBExpenseViewController.m */; };
		363ED8351B60A9B000000A7A /* BarBooks.xcdatamodeld in Sources */ = {isa = PBXBuildFile; fileRef = 363ED8161B60A9AF00000A7A /* BarBooks.xcdatamodeld */; };
		3651DFB91B2EEC18007B321A /* UIResponder+BBUtil.m in Sources */ = {isa = PBXBuildFile; fileRef = 3651DFB81B2EEC18007B321A /* UIResponder+BBUtil.m */; };
		3651DFBC1B2EF2BC007B321A /* NSString+BBUtil.m in Sources */ = {isa = PBXBuildFile; fileRef = 3651DFBB1B2EF2BC007B321A /* NSString+BBUtil.m */; };
		3651DFBF1B3043F6007B321A /* BBMatterListTableViewCell.m in Sources */ = {isa = PBXBuildFile; fileRef = 3651DFBE1B3043F6007B321A /* BBMatterListTableViewCell.m */; };
		36555FC91B43A8010006A2CA /* BBTaskTimer.m in Sources */ = {isa = PBXBuildFile; fileRef = 36555FC81B43A8010006A2CA /* BBTaskTimer.m */; };
		365F3CFA1B7F5A7A0051D2C2 /* BBValidator.m in Sources */ = {isa = PBXBuildFile; fileRef = 365F3CF91B7F5A7A0051D2C2 /* BBValidator.m */; };
		366748791B3116BA00E23707 /* BBCreateSolicitorViewController.m in Sources */ = {isa = PBXBuildFile; fileRef = 366748781B3116BA00E23707 /* BBCreateSolicitorViewController.m */; };
		367563281B29B0B4002C5738 /* BBCoreDataManager.m in Sources */ = {isa = PBXBuildFile; fileRef = 367563271B29B0B4002C5738 /* BBCoreDataManager.m */; };
		3675632F1B2C2C73002C5738 /* UIFloatLabelTextField+BBUtil.m in Sources */ = {isa = PBXBuildFile; fileRef = 3675632E1B2C2C73002C5738 /* UIFloatLabelTextField+BBUtil.m */; };
		367563321B2C2CCB002C5738 /* UIColor+BBUtil.m in Sources */ = {isa = PBXBuildFile; fileRef = 367563311B2C2CCB002C5738 /* UIColor+BBUtil.m */; };
		36788FA41B2034ED00B34D3E /* BBBaseViewController.m in Sources */ = {isa = PBXBuildFile; fileRef = 36788FA31B2034ED00B34D3E /* BBBaseViewController.m */; };
		36788FA71B20350F00B34D3E /* BBBaseTableViewController.m in Sources */ = {isa = PBXBuildFile; fileRef = 36788FA61B20350F00B34D3E /* BBBaseTableViewController.m */; };
		36788FAB1B20368B00B34D3E /* NSDate+BBUtil.m in Sources */ = {isa = PBXBuildFile; fileRef = 36788FAA1B20368B00B34D3E /* NSDate+BBUtil.m */; };
		36C39B8E1B7EC14400985DCB /* BBSubscriptionManager.m in Sources */ = {isa = PBXBuildFile; fileRef = 36C39B8D1B7EC14400985DCB /* BBSubscriptionManager.m */; };
		36C39B921B7F0F8D00985DCB /* BBLoginViewController.m in Sources */ = {isa = PBXBuildFile; fileRef = 36C39B911B7F0F8D00985DCB /* BBLoginViewController.m */; };
		36C39B951B7F0FC500985DCB /* BBSynchronizationViewController.m in Sources */ = {isa = PBXBuildFile; fileRef = 36C39B941B7F0FC500985DCB /* BBSynchronizationViewController.m */; };
		36C781BD1B35014500321AE2 /* BBContactListViewController.m in Sources */ = {isa = PBXBuildFile; fileRef = 36C781BC1B35014500321AE2 /* BBContactListViewController.m */; };
		36C781C01B35985500321AE2 /* NSDecimalNumber+BBUtil.m in Sources */ = {isa = PBXBuildFile; fileRef = 36C781BF1B35985500321AE2 /* NSDecimalNumber+BBUtil.m */; };
		36C781C31B36B41600321AE2 /* NSArray+BBUtil.m in Sources */ = {isa = PBXBuildFile; fileRef = 36C781C21B36B41600321AE2 /* NSArray+BBUtil.m */; };
		36C936051B4A65AF002B4946 /* UIButton+BBUtil.m in Sources */ = {isa = PBXBuildFile; fileRef = 36C936041B4A65AF002B4946 /* UIButton+BBUtil.m */; };
		36C9E6531B1AC6840085D647 /* main.m in Sources */ = {isa = PBXBuildFile; fileRef = 36C9E6521B1AC6840085D647 /* main.m */; };
		36C9E6561B1AC6840085D647 /* AppDelegate.m in Sources */ = {isa = PBXBuildFile; fileRef = 36C9E6551B1AC6840085D647 /* AppDelegate.m */; };
		36C9E65C1B1AC6840085D647 /* MasterViewController.m in Sources */ = {isa = PBXBuildFile; fileRef = 36C9E65B1B1AC6840085D647 /* MasterViewController.m */; };
		36C9E65F1B1AC6840085D647 /* DetailViewController.m in Sources */ = {isa = PBXBuildFile; fileRef = 36C9E65E1B1AC6840085D647 /* DetailViewController.m */; };
		36C9E6621B1AC6840085D647 /* Main.storyboard in Resources */ = {isa = PBXBuildFile; fileRef = 36C9E6601B1AC6840085D647 /* Main.storyboard */; };
		36C9E6641B1AC6840085D647 /* Images.xcassets in Resources */ = {isa = PBXBuildFile; fileRef = 36C9E6631B1AC6840085D647 /* Images.xcassets */; };
		36C9E6671B1AC6840085D647 /* LaunchScreen.xib in Resources */ = {isa = PBXBuildFile; fileRef = 36C9E6651B1AC6840085D647 /* LaunchScreen.xib */; };
		36C9E6731B1AC6840085D647 /* barbooks_ipadTests.m in Sources */ = {isa = PBXBuildFile; fileRef = 36C9E6721B1AC6840085D647 /* barbooks_ipadTests.m */; };
		36CC97501B47B6CF00CB1C45 /* BBRateViewController.m in Sources */ = {isa = PBXBuildFile; fileRef = 36CC974F1B47B6CF00CB1C45 /* BBRateViewController.m */; };
		36CED14B1B3A8E9900F421F5 /* BBDropDownListViewController.m in Sources */ = {isa = PBXBuildFile; fileRef = 36CED14A1B3A8E9900F421F5 /* BBDropDownListViewController.m */; };
		36DEF92C1B22FEE70053CD8C /* BBHomeViewController.m in Sources */ = {isa = PBXBuildFile; fileRef = 36DEF92B1B22FEE70053CD8C /* BBHomeViewController.m */; };
		36DEF92F1B231A2C0053CD8C /* BBMatterListViewController.m in Sources */ = {isa = PBXBuildFile; fileRef = 36DEF92E1B231A2C0053CD8C /* BBMatterListViewController.m */; };
		36DEF9321B25600C0053CD8C /* UISplitViewController+BBUtil.m in Sources */ = {isa = PBXBuildFile; fileRef = 36DEF9311B25600C0053CD8C /* UISplitViewController+BBUtil.m */; };
		36DEF9351B259FCB0053CD8C /* BBMatterViewController.m in Sources */ = {isa = PBXBuildFile; fileRef = 36DEF9341B259FCB0053CD8C /* BBMatterViewController.m */; };
		36DEF9AC1B27052C0053CD8C /* DateTimeUtility.m in Sources */ = {isa = PBXBuildFile; fileRef = 36DEF9A91B27052C0053CD8C /* DateTimeUtility.m */; };
		36DEF9AD1B27052C0053CD8C /* GlobalAttributes.m in Sources */ = {isa = PBXBuildFile; fileRef = 36DEF9AB1B27052C0053CD8C /* GlobalAttributes.m */; };
		36DEF9FC1B2710600053CD8C /* RegularInvoice.m in Sources */ = {isa = PBXBuildFile; fileRef = 36DEF9FB1B2710600053CD8C /* RegularInvoice.m */; };
		36DEF9FF1B2710620053CD8C /* ReportDetailItem.m in Sources */ = {isa = PBXBuildFile; fileRef = 36DEF9FE1B2710620053CD8C /* ReportDetailItem.m */; };
		36DEFA021B2710640053CD8C /* Rate.m in Sources */ = {isa = PBXBuildFile; fileRef = 36DEFA011B2710640053CD8C /* Rate.m */; };
		36DEFA051B2710640053CD8C /* InterestInvoice.m in Sources */ = {isa = PBXBuildFile; fileRef = 36DEFA041B2710640053CD8C /* InterestInvoice.m */; };
		36DEFA081B2710640053CD8C /* CostsAgreement.m in Sources */ = {isa = PBXBuildFile; fileRef = 36DEFA071B2710640053CD8C /* CostsAgreement.m */; };
		36DEFA0B1B2710640053CD8C /* GeneralExpense.m in Sources */ = {isa = PBXBuildFile; fileRef = 36DEFA0A1B2710640053CD8C /* GeneralExpense.m */; };
		36DEFA0E1B2710640053CD8C /* BASReport.m in Sources */ = {isa = PBXBuildFile; fileRef = 36DEFA0D1B2710640053CD8C /* BASReport.m */; };
		36DEFA111B2710640053CD8C /* OutstandingAmount.m in Sources */ = {isa = PBXBuildFile; fileRef = 36DEFA101B2710640053CD8C /* OutstandingAmount.m */; };
		36DEFA141B2710640053CD8C /* Report.m in Sources */ = {isa = PBXBuildFile; fileRef = 36DEFA131B2710640053CD8C /* Report.m */; };
		36DEFA171B2710640053CD8C /* WriteOff.m in Sources */ = {isa = PBXBuildFile; fileRef = 36DEFA161B2710640053CD8C /* WriteOff.m */; };
		36DEFA1A1B2710640053CD8C /* Invoice.m in Sources */ = {isa = PBXBuildFile; fileRef = 36DEFA191B2710640053CD8C /* Invoice.m */; };
		36DEFA1D1B2710640053CD8C /* GeneralReceipt.m in Sources */ = {isa = PBXBuildFile; fileRef = 36DEFA1C1B2710640053CD8C /* GeneralReceipt.m */; };
		36DEFA201B2710640053CD8C /* Disbursement.m in Sources */ = {isa = PBXBuildFile; fileRef = 36DEFA1F1B2710640053CD8C /* Disbursement.m */; };
		36DEFA231B2710640053CD8C /* TaxRefund.m in Sources */ = {isa = PBXBuildFile; fileRef = 36DEFA221B2710640053CD8C /* TaxRefund.m */; };
		36DEFA261B2710650053CD8C /* ReceiptAllocation.m in Sources */ = {isa = PBXBuildFile; fileRef = 36DEFA251B2710650053CD8C /* ReceiptAllocation.m */; };
		36DEFA291B2710650053CD8C /* Expense.m in Sources */ = {isa = PBXBuildFile; fileRef = 36DEFA281B2710650053CD8C /* Expense.m */; };
		36DEFA2C1B2710650053CD8C /* Contact.m in Sources */ = {isa = PBXBuildFile; fileRef = 36DEFA2B1B2710650053CD8C /* Contact.m */; };
		36DEFA2F1B2710650053CD8C /* Account.m in Sources */ = {isa = PBXBuildFile; fileRef = 36DEFA2E1B2710650053CD8C /* Account.m */; };
		36DEFA321B2710650053CD8C /* Address.m in Sources */ = {isa = PBXBuildFile; fileRef = 36DEFA311B2710650053CD8C /* Address.m */; };
		36DEFA351B2710650053CD8C /* VariationOfFees.m in Sources */ = {isa = PBXBuildFile; fileRef = 36DEFA341B2710650053CD8C /* VariationOfFees.m */; };
		36DEFA381B2710650053CD8C /* Firm.m in Sources */ = {isa = PBXBuildFile; fileRef = 36DEFA371B2710650053CD8C /* Firm.m */; };
		36DEFA3B1B2710650053CD8C /* BBManagedObject.m in Sources */ = {isa = PBXBuildFile; fileRef = 36DEFA3A1B2710650053CD8C /* BBManagedObject.m */; };
		36DEFA3E1B2710650053CD8C /* Receipt.m in Sources */ = {isa = PBXBuildFile; fileRef = 36DEFA3D1B2710650053CD8C /* Receipt.m */; };
		36DEFA411B2710650053CD8C /* Attachment.m in Sources */ = {isa = PBXBuildFile; fileRef = 36DEFA401B2710650053CD8C /* Attachment.m */; };
		36DEFA441B2710650053CD8C /* Matter.m in Sources */ = {isa = PBXBuildFile; fileRef = 36DEFA431B2710650053CD8C /* Matter.m */; };
		36DEFA471B2710650053CD8C /* TaxExpense.m in Sources */ = {isa = PBXBuildFile; fileRef = 36DEFA461B2710650053CD8C /* TaxExpense.m */; };
		36DEFA4A1B2710660053CD8C /* Task.m in Sources */ = {isa = PBXBuildFile; fileRef = 36DEFA491B2710660053CD8C /* Task.m */; };
		36DEFA4D1B2710660053CD8C /* YETReport.m in Sources */ = {isa = PBXBuildFile; fileRef = 36DEFA4C1B2710660053CD8C /* YETReport.m */; };
		36DEFA501B2710660053CD8C /* Payment.m in Sources */ = {isa = PBXBuildFile; fileRef = 36DEFA4F1B2710660053CD8C /* Payment.m */; };
		36DEFA531B2710660053CD8C /* Discount.m in Sources */ = {isa = PBXBuildFile; fileRef = 36DEFA521B2710660053CD8C /* Discount.m */; };
		36DEFA561B2710660053CD8C /* Solicitor.m in Sources */ = {isa = PBXBuildFile; fileRef = 36DEFA551B2710660053CD8C /* Solicitor.m */; };
		36DEFA591B2710660053CD8C /* CAReport.m in Sources */ = {isa = PBXBuildFile; fileRef = 36DEFA581B2710660053CD8C /* CAReport.m */; };
		36DEFA5C1B2710660053CD8C /* ReportDetail.m in Sources */ = {isa = PBXBuildFile; fileRef = 36DEFA5B1B2710660053CD8C /* ReportDetail.m */; };
		36DEFA5F1B2710660053CD8C /* YETReportItem.m in Sources */ = {isa = PBXBuildFile; fileRef = 36DEFA5E1B2710660053CD8C /* YETReportItem.m */; };
		36DEFA621B2710660053CD8C /* OutstandingFees.m in Sources */ = {isa = PBXBuildFile; fileRef = 36DEFA611B2710660053CD8C /* OutstandingFees.m */; };
		36EB0E471B38DF7700AC7411 /* BBMatterCategoryListViewController.m in Sources */ = {isa = PBXBuildFile; fileRef = 36EB0E461B38DF7700AC7411 /* BBMatterCategoryListViewController.m */; };
		36EB0E4B1B38DFA200AC7411 /* BBTaskListViewController.m in Sources */ = {isa = PBXBuildFile; fileRef = 36EB0E4A1B38DFA200AC7411 /* BBTaskListViewController.m */; };
		36EB0E4E1B38DFD700AC7411 /* BBTaskViewController.m in Sources */ = {isa = PBXBuildFile; fileRef = 36EB0E4D1B38DFD700AC7411 /* BBTaskViewController.m */; };
		36EB0E511B38E0FA00AC7411 /* BBTaskListTableViewCell.m in Sources */ = {isa = PBXBuildFile; fileRef = 36EB0E501B38E0FA00AC7411 /* BBTaskListTableViewCell.m */; };
/* End PBXBuildFile section */

/* Begin PBXContainerItemProxy section */
		36C9E66D1B1AC6840085D647 /* PBXContainerItemProxy */ = {
			isa = PBXContainerItemProxy;
			containerPortal = 36C9E6451B1AC6840085D647 /* Project object */;
			proxyType = 1;
			remoteGlobalIDString = 36C9E64C1B1AC6840085D647;
			remoteInfo = "barbooks-ipad";
		};
/* End PBXContainerItemProxy section */

/* Begin PBXFileReference section */
		16ED6A71BF367FA077B7B0E6 /* Pods-barbooks-ipad.release.xcconfig */ = {isa = PBXFileReference; includeInIndex = 1; lastKnownFileType = text.xcconfig; name = "Pods-barbooks-ipad.release.xcconfig"; path = "Pods/Target Support Files/Pods-barbooks-ipad/Pods-barbooks-ipad.release.xcconfig"; sourceTree = "<group>"; };
		36062BC71B6CF6D80088DB29 /* BBTimers.h */ = {isa = PBXFileReference; fileEncoding = 4; lastKnownFileType = sourcecode.c.h; name = BBTimers.h; path = Common/BBTimers.h; sourceTree = "<group>"; };
		36062BC81B6CF6D80088DB29 /* BBTimers.m */ = {isa = PBXFileReference; fileEncoding = 4; lastKnownFileType = sourcecode.c.objc; name = BBTimers.m; path = Common/BBTimers.m; sourceTree = "<group>"; };
		360BD8ED1B770CF10012C4F0 /* BBRateListViewController.h */ = {isa = PBXFileReference; fileEncoding = 4; lastKnownFileType = sourcecode.c.h; name = BBRateListViewController.h; path = Rate/BBRateListViewController.h; sourceTree = "<group>"; };
		360BD8EE1B770CF10012C4F0 /* BBRateListViewController.m */ = {isa = PBXFileReference; fileEncoding = 4; lastKnownFileType = sourcecode.c.objc; name = BBRateListViewController.m; path = Rate/BBRateListViewController.m; sourceTree = "<group>"; };
		360BD8F01B772D980012C4F0 /* BBRateDelegate.h */ = {isa = PBXFileReference; fileEncoding = 4; lastKnownFileType = sourcecode.c.h; name = BBRateDelegate.h; path = Protocals/BBRateDelegate.h; sourceTree = "<group>"; };
		360BD8F11B772DC60012C4F0 /* BBContactDelegate.h */ = {isa = PBXFileReference; fileEncoding = 4; lastKnownFileType = sourcecode.c.h; name = BBContactDelegate.h; path = Protocals/BBContactDelegate.h; sourceTree = "<group>"; };
		362543051B512BB8004C8116 /* BBExpenseListViewController.h */ = {isa = PBXFileReference; fileEncoding = 4; lastKnownFileType = sourcecode.c.h; name = BBExpenseListViewController.h; path = UserInterface/Expense/BBExpenseListViewController.h; sourceTree = "<group>"; };
		362543061B512BB8004C8116 /* BBExpenseListViewController.m */ = {isa = PBXFileReference; fileEncoding = 4; lastKnownFileType = sourcecode.c.objc; name = BBExpenseListViewController.m; path = UserInterface/Expense/BBExpenseListViewController.m; sourceTree = "<group>"; };
		362543081B512C08004C8116 /* BBExpenseTableViewCell.h */ = {isa = PBXFileReference; fileEncoding = 4; lastKnownFileType = sourcecode.c.h; name = BBExpenseTableViewCell.h; path = UserInterface/Expense/BBExpenseTableViewCell.h; sourceTree = "<group>"; };
		362543091B512C08004C8116 /* BBExpenseTableViewCell.m */ = {isa = PBXFileReference; fileEncoding = 4; lastKnownFileType = sourcecode.c.objc; name = BBExpenseTableViewCell.m; path = UserInterface/Expense/BBExpenseTableViewCell.m; sourceTree = "<group>"; };
		363C3A3C1B1C7A6B00B92513 /* BBMenuViewController.h */ = {isa = PBXFileReference; fileEncoding = 4; lastKnownFileType = sourcecode.c.h; name = BBMenuViewController.h; path = UserInterface/SlideMenu/BBMenuViewController.h; sourceTree = "<group>"; };
		363C3A3D1B1C7A6B00B92513 /* BBMenuViewController.m */ = {isa = PBXFileReference; fileEncoding = 4; lastKnownFileType = sourcecode.c.objc; name = BBMenuViewController.m; path = UserInterface/SlideMenu/BBMenuViewController.m; sourceTree = "<group>"; };
		363C3A3F1B1C7BF200B92513 /* PrefixHeader.pch */ = {isa = PBXFileReference; lastKnownFileType = sourcecode.c.h; path = PrefixHeader.pch; sourceTree = "<group>"; };
		363E451A1B4FED420080CE38 /* BBExpenseViewController.h */ = {isa = PBXFileReference; fileEncoding = 4; lastKnownFileType = sourcecode.c.h; name = BBExpenseViewController.h; path = UserInterface/Expense/BBExpenseViewController.h; sourceTree = "<group>"; };
		363E451B1B4FED420080CE38 /* BBExpenseViewController.m */ = {isa = PBXFileReference; fileEncoding = 4; lastKnownFileType = sourcecode.c.objc; name = BBExpenseViewController.m; path = UserInterface/Expense/BBExpenseViewController.m; sourceTree = "<group>"; };
		363ED8171B60A9B000000A7A /* BarBooks 0.1.xcdatamodel */ = {isa = PBXFileReference; lastKnownFileType = wrapper.xcdatamodel; path = "BarBooks 0.1.xcdatamodel"; sourceTree = "<group>"; };
		363ED8181B60A9B000000A7A /* BarBooks 0.2.xcdatamodel */ = {isa = PBXFileReference; lastKnownFileType = wrapper.xcdatamodel; path = "BarBooks 0.2.xcdatamodel"; sourceTree = "<group>"; };
		363ED8191B60A9B000000A7A /* BarBooks 0.3.xcdatamodel */ = {isa = PBXFileReference; lastKnownFileType = wrapper.xcdatamodel; path = "BarBooks 0.3.xcdatamodel"; sourceTree = "<group>"; };
		363ED81A1B60A9B000000A7A /* BarBooks 0.4.xcdatamodel */ = {isa = PBXFileReference; lastKnownFileType = wrapper.xcdatamodel; path = "BarBooks 0.4.xcdatamodel"; sourceTree = "<group>"; };
		363ED81B1B60A9B000000A7A /* BarBooks 0.5.xcdatamodel */ = {isa = PBXFileReference; lastKnownFileType = wrapper.xcdatamodel; path = "BarBooks 0.5.xcdatamodel"; sourceTree = "<group>"; };
		363ED81C1B60A9B000000A7A /* BarBooks 0.6.xcdatamodel */ = {isa = PBXFileReference; lastKnownFileType = wrapper.xcdatamodel; path = "BarBooks 0.6.xcdatamodel"; sourceTree = "<group>"; };
		363ED81D1B60A9B000000A7A /* BarBooks 0.7.xcdatamodel */ = {isa = PBXFileReference; lastKnownFileType = wrapper.xcdatamodel; path = "BarBooks 0.7.xcdatamodel"; sourceTree = "<group>"; };
		363ED81E1B60A9B000000A7A /* BarBooks 0.8.xcdatamodel */ = {isa = PBXFileReference; lastKnownFileType = wrapper.xcdatamodel; path = "BarBooks 0.8.xcdatamodel"; sourceTree = "<group>"; };
		363ED81F1B60A9B000000A7A /* BarBooks 0.9.xcdatamodel */ = {isa = PBXFileReference; lastKnownFileType = wrapper.xcdatamodel; path = "BarBooks 0.9.xcdatamodel"; sourceTree = "<group>"; };
		363ED8201B60A9B000000A7A /* BarBooks 1.0.xcdatamodel */ = {isa = PBXFileReference; lastKnownFileType = wrapper.xcdatamodel; path = "BarBooks 1.0.xcdatamodel"; sourceTree = "<group>"; };
		363ED8211B60A9B000000A7A /* BarBooks 1.1.xcdatamodel */ = {isa = PBXFileReference; lastKnownFileType = wrapper.xcdatamodel; path = "BarBooks 1.1.xcdatamodel"; sourceTree = "<group>"; };
		363ED8221B60A9B000000A7A /* BarBooks 1.2.xcdatamodel */ = {isa = PBXFileReference; lastKnownFileType = wrapper.xcdatamodel; path = "BarBooks 1.2.xcdatamodel"; sourceTree = "<group>"; };
		363ED8231B60A9B000000A7A /* BarBooks 1.3.xcdatamodel */ = {isa = PBXFileReference; lastKnownFileType = wrapper.xcdatamodel; path = "BarBooks 1.3.xcdatamodel"; sourceTree = "<group>"; };
		363ED8241B60A9B000000A7A /* BarBooks 1.4.xcdatamodel */ = {isa = PBXFileReference; lastKnownFileType = wrapper.xcdatamodel; path = "BarBooks 1.4.xcdatamodel"; sourceTree = "<group>"; };
		363ED8251B60A9B000000A7A /* BarBooks 1.5.xcdatamodel */ = {isa = PBXFileReference; lastKnownFileType = wrapper.xcdatamodel; path = "BarBooks 1.5.xcdatamodel"; sourceTree = "<group>"; };
		363ED8261B60A9B000000A7A /* BarBooks 1.6.xcdatamodel */ = {isa = PBXFileReference; lastKnownFileType = wrapper.xcdatamodel; path = "BarBooks 1.6.xcdatamodel"; sourceTree = "<group>"; };
		363ED8271B60A9B000000A7A /* BarBooks 1.7.xcdatamodel */ = {isa = PBXFileReference; lastKnownFileType = wrapper.xcdatamodel; path = "BarBooks 1.7.xcdatamodel"; sourceTree = "<group>"; };
		363ED8281B60A9B000000A7A /* BarBooks 1.8.xcdatamodel */ = {isa = PBXFileReference; lastKnownFileType = wrapper.xcdatamodel; path = "BarBooks 1.8.xcdatamodel"; sourceTree = "<group>"; };
		363ED8291B60A9B000000A7A /* BarBooks 1.9.xcdatamodel */ = {isa = PBXFileReference; lastKnownFileType = wrapper.xcdatamodel; path = "BarBooks 1.9.xcdatamodel"; sourceTree = "<group>"; };
		363ED82A1B60A9B000000A7A /* BarBooks 2.1.xcdatamodel */ = {isa = PBXFileReference; lastKnownFileType = wrapper.xcdatamodel; path = "BarBooks 2.1.xcdatamodel"; sourceTree = "<group>"; };
		363ED82B1B60A9B000000A7A /* BarBooks 2.2.xcdatamodel */ = {isa = PBXFileReference; lastKnownFileType = wrapper.xcdatamodel; path = "BarBooks 2.2.xcdatamodel"; sourceTree = "<group>"; };
		363ED82C1B60A9B000000A7A /* BarBooks 2.3.xcdatamodel */ = {isa = PBXFileReference; lastKnownFileType = wrapper.xcdatamodel; path = "BarBooks 2.3.xcdatamodel"; sourceTree = "<group>"; };
		363ED82D1B60A9B000000A7A /* BarBooks 2.4.xcdatamodel */ = {isa = PBXFileReference; lastKnownFileType = wrapper.xcdatamodel; path = "BarBooks 2.4.xcdatamodel"; sourceTree = "<group>"; };
		363ED82E1B60A9B000000A7A /* BarBooks 2.5.xcdatamodel */ = {isa = PBXFileReference; lastKnownFileType = wrapper.xcdatamodel; path = "BarBooks 2.5.xcdatamodel"; sourceTree = "<group>"; };
		363ED82F1B60A9B000000A7A /* BarBooks 2.6.xcdatamodel */ = {isa = PBXFileReference; lastKnownFileType = wrapper.xcdatamodel; path = "BarBooks 2.6.xcdatamodel"; sourceTree = "<group>"; };
		363ED8301B60A9B000000A7A /* BarBooks 2.7.xcdatamodel */ = {isa = PBXFileReference; lastKnownFileType = wrapper.xcdatamodel; path = "BarBooks 2.7.xcdatamodel"; sourceTree = "<group>"; };
		363ED8311B60A9B000000A7A /* BarBooks 2.8.xcdatamodel */ = {isa = PBXFileReference; lastKnownFileType = wrapper.xcdatamodel; path = "BarBooks 2.8.xcdatamodel"; sourceTree = "<group>"; };
		363ED8321B60A9B000000A7A /* BarBooks 2.9.xcdatamodel */ = {isa = PBXFileReference; lastKnownFileType = wrapper.xcdatamodel; path = "BarBooks 2.9.xcdatamodel"; sourceTree = "<group>"; };
		363ED8331B60A9B000000A7A /* BarBooks 2.xcdatamodel */ = {isa = PBXFileReference; lastKnownFileType = wrapper.xcdatamodel; path = "BarBooks 2.xcdatamodel"; sourceTree = "<group>"; };
		363ED8341B60A9B000000A7A /* BarBooks.xcdatamodel */ = {isa = PBXFileReference; lastKnownFileType = wrapper.xcdatamodel; path = BarBooks.xcdatamodel; sourceTree = "<group>"; };
		3651DFB71B2EEC18007B321A /* UIResponder+BBUtil.h */ = {isa = PBXFileReference; fileEncoding = 4; lastKnownFileType = sourcecode.c.h; name = "UIResponder+BBUtil.h"; path = "Categories/UIResponder+BBUtil.h"; sourceTree = "<group>"; };
		3651DFB81B2EEC18007B321A /* UIResponder+BBUtil.m */ = {isa = PBXFileReference; fileEncoding = 4; lastKnownFileType = sourcecode.c.objc; name = "UIResponder+BBUtil.m"; path = "Categories/UIResponder+BBUtil.m"; sourceTree = "<group>"; };
		3651DFBA1B2EF2BC007B321A /* NSString+BBUtil.h */ = {isa = PBXFileReference; fileEncoding = 4; lastKnownFileType = sourcecode.c.h; name = "NSString+BBUtil.h"; path = "Categories/NSString+BBUtil.h"; sourceTree = "<group>"; };
		3651DFBB1B2EF2BC007B321A /* NSString+BBUtil.m */ = {isa = PBXFileReference; fileEncoding = 4; lastKnownFileType = sourcecode.c.objc; name = "NSString+BBUtil.m"; path = "Categories/NSString+BBUtil.m"; sourceTree = "<group>"; };
		3651DFBD1B3043F6007B321A /* BBMatterListTableViewCell.h */ = {isa = PBXFileReference; fileEncoding = 4; lastKnownFileType = sourcecode.c.h; name = BBMatterListTableViewCell.h; path = UserInterface/Matter/BBMatterListTableViewCell.h; sourceTree = "<group>"; };
		3651DFBE1B3043F6007B321A /* BBMatterListTableViewCell.m */ = {isa = PBXFileReference; fileEncoding = 4; lastKnownFileType = sourcecode.c.objc; name = BBMatterListTableViewCell.m; path = UserInterface/Matter/BBMatterListTableViewCell.m; sourceTree = "<group>"; };
		36555FC71B43A8010006A2CA /* BBTaskTimer.h */ = {isa = PBXFileReference; fileEncoding = 4; lastKnownFileType = sourcecode.c.h; name = BBTaskTimer.h; path = UserInterface/Task/BBTaskTimer.h; sourceTree = "<group>"; };
		36555FC81B43A8010006A2CA /* BBTaskTimer.m */ = {isa = PBXFileReference; fileEncoding = 4; lastKnownFileType = sourcecode.c.objc; name = BBTaskTimer.m; path = UserInterface/Task/BBTaskTimer.m; sourceTree = "<group>"; };
		365F3CF81B7F5A7A0051D2C2 /* BBValidator.h */ = {isa = PBXFileReference; fileEncoding = 4; lastKnownFileType = sourcecode.c.h; name = BBValidator.h; path = Common/BBValidator.h; sourceTree = "<group>"; };
		365F3CF91B7F5A7A0051D2C2 /* BBValidator.m */ = {isa = PBXFileReference; fileEncoding = 4; lastKnownFileType = sourcecode.c.objc; name = BBValidator.m; path = Common/BBValidator.m; sourceTree = "<group>"; };
		366748771B3116BA00E23707 /* BBCreateSolicitorViewController.h */ = {isa = PBXFileReference; fileEncoding = 4; lastKnownFileType = sourcecode.c.h; name = BBCreateSolicitorViewController.h; path = UserInterface/Matter/BBCreateSolicitorViewController.h; sourceTree = "<group>"; };
		366748781B3116BA00E23707 /* BBCreateSolicitorViewController.m */ = {isa = PBXFileReference; fileEncoding = 4; lastKnownFileType = sourcecode.c.objc; name = BBCreateSolicitorViewController.m; path = UserInterface/Matter/BBCreateSolicitorViewController.m; sourceTree = "<group>"; };
		3667487B1B313D4600E23707 /* BBMatterDelegate.h */ = {isa = PBXFileReference; fileEncoding = 4; lastKnownFileType = sourcecode.c.h; name = BBMatterDelegate.h; path = Protocals/BBMatterDelegate.h; sourceTree = "<group>"; };
		367563261B29B0B4002C5738 /* BBCoreDataManager.h */ = {isa = PBXFileReference; fileEncoding = 4; lastKnownFileType = sourcecode.c.h; path = BBCoreDataManager.h; sourceTree = "<group>"; };
		367563271B29B0B4002C5738 /* BBCoreDataManager.m */ = {isa = PBXFileReference; fileEncoding = 4; lastKnownFileType = sourcecode.c.objc; path = BBCoreDataManager.m; sourceTree = "<group>"; };
		3675632D1B2C2C73002C5738 /* UIFloatLabelTextField+BBUtil.h */ = {isa = PBXFileReference; fileEncoding = 4; lastKnownFileType = sourcecode.c.h; name = "UIFloatLabelTextField+BBUtil.h"; path = "Categories/UIFloatLabelTextField+BBUtil.h"; sourceTree = "<group>"; };
		3675632E1B2C2C73002C5738 /* UIFloatLabelTextField+BBUtil.m */ = {isa = PBXFileReference; fileEncoding = 4; lastKnownFileType = sourcecode.c.objc; name = "UIFloatLabelTextField+BBUtil.m"; path = "Categories/UIFloatLabelTextField+BBUtil.m"; sourceTree = "<group>"; };
		367563301B2C2CCB002C5738 /* UIColor+BBUtil.h */ = {isa = PBXFileReference; fileEncoding = 4; lastKnownFileType = sourcecode.c.h; name = "UIColor+BBUtil.h"; path = "Categories/UIColor+BBUtil.h"; sourceTree = "<group>"; };
		367563311B2C2CCB002C5738 /* UIColor+BBUtil.m */ = {isa = PBXFileReference; fileEncoding = 4; lastKnownFileType = sourcecode.c.objc; name = "UIColor+BBUtil.m"; path = "Categories/UIColor+BBUtil.m"; sourceTree = "<group>"; };
		36788FA21B2034ED00B34D3E /* BBBaseViewController.h */ = {isa = PBXFileReference; fileEncoding = 4; lastKnownFileType = sourcecode.c.h; name = BBBaseViewController.h; path = UserInterface/BBBaseViewController.h; sourceTree = "<group>"; };
		36788FA31B2034ED00B34D3E /* BBBaseViewController.m */ = {isa = PBXFileReference; fileEncoding = 4; lastKnownFileType = sourcecode.c.objc; name = BBBaseViewController.m; path = UserInterface/BBBaseViewController.m; sourceTree = "<group>"; };
		36788FA51B20350F00B34D3E /* BBBaseTableViewController.h */ = {isa = PBXFileReference; fileEncoding = 4; lastKnownFileType = sourcecode.c.h; name = BBBaseTableViewController.h; path = UserInterface/BBBaseTableViewController.h; sourceTree = "<group>"; };
		36788FA61B20350F00B34D3E /* BBBaseTableViewController.m */ = {isa = PBXFileReference; fileEncoding = 4; lastKnownFileType = sourcecode.c.objc; name = BBBaseTableViewController.m; path = UserInterface/BBBaseTableViewController.m; sourceTree = "<group>"; };
		36788FA91B20368B00B34D3E /* NSDate+BBUtil.h */ = {isa = PBXFileReference; fileEncoding = 4; lastKnownFileType = sourcecode.c.h; name = "NSDate+BBUtil.h"; path = "Categories/NSDate+BBUtil.h"; sourceTree = "<group>"; };
		36788FAA1B20368B00B34D3E /* NSDate+BBUtil.m */ = {isa = PBXFileReference; fileEncoding = 4; lastKnownFileType = sourcecode.c.objc; name = "NSDate+BBUtil.m"; path = "Categories/NSDate+BBUtil.m"; sourceTree = "<group>"; };
		36B983911B3FD9E90030E915 /* BBDropDownListDelegate.h */ = {isa = PBXFileReference; fileEncoding = 4; lastKnownFileType = sourcecode.c.h; name = BBDropDownListDelegate.h; path = Protocals/BBDropDownListDelegate.h; sourceTree = "<group>"; };
		36C39B8C1B7EC14400985DCB /* BBSubscriptionManager.h */ = {isa = PBXFileReference; fileEncoding = 4; lastKnownFileType = sourcecode.c.h; path = BBSubscriptionManager.h; sourceTree = "<group>"; };
		36C39B8D1B7EC14400985DCB /* BBSubscriptionManager.m */ = {isa = PBXFileReference; fileEncoding = 4; lastKnownFileType = sourcecode.c.objc; path = BBSubscriptionManager.m; sourceTree = "<group>"; };
		36C39B901B7F0F8D00985DCB /* BBLoginViewController.h */ = {isa = PBXFileReference; fileEncoding = 4; lastKnownFileType = sourcecode.c.h; name = BBLoginViewController.h; path = UserInterface/Account/BBLoginViewController.h; sourceTree = "<group>"; };
		36C39B911B7F0F8D00985DCB /* BBLoginViewController.m */ = {isa = PBXFileReference; fileEncoding = 4; lastKnownFileType = sourcecode.c.objc; name = BBLoginViewController.m; path = UserInterface/Account/BBLoginViewController.m; sourceTree = "<group>"; };
		36C39B931B7F0FC500985DCB /* BBSynchronizationViewController.h */ = {isa = PBXFileReference; fileEncoding = 4; lastKnownFileType = sourcecode.c.h; name = BBSynchronizationViewController.h; path = UserInterface/Account/BBSynchronizationViewController.h; sourceTree = "<group>"; };
		36C39B941B7F0FC500985DCB /* BBSynchronizationViewController.m */ = {isa = PBXFileReference; fileEncoding = 4; lastKnownFileType = sourcecode.c.objc; name = BBSynchronizationViewController.m; path = UserInterface/Account/BBSynchronizationViewController.m; sourceTree = "<group>"; };
		36C781BB1B35014500321AE2 /* BBContactListViewController.h */ = {isa = PBXFileReference; fileEncoding = 4; lastKnownFileType = sourcecode.c.h; name = BBContactListViewController.h; path = UserInterface/Matter/BBContactListViewController.h; sourceTree = "<group>"; };
		36C781BC1B35014500321AE2 /* BBContactListViewController.m */ = {isa = PBXFileReference; fileEncoding = 4; lastKnownFileType = sourcecode.c.objc; name = BBContactListViewController.m; path = UserInterface/Matter/BBContactListViewController.m; sourceTree = "<group>"; };
		36C781BE1B35985500321AE2 /* NSDecimalNumber+BBUtil.h */ = {isa = PBXFileReference; fileEncoding = 4; lastKnownFileType = sourcecode.c.h; name = "NSDecimalNumber+BBUtil.h"; path = "Categories/NSDecimalNumber+BBUtil.h"; sourceTree = "<group>"; };
		36C781BF1B35985500321AE2 /* NSDecimalNumber+BBUtil.m */ = {isa = PBXFileReference; fileEncoding = 4; lastKnownFileType = sourcecode.c.objc; name = "NSDecimalNumber+BBUtil.m"; path = "Categories/NSDecimalNumber+BBUtil.m"; sourceTree = "<group>"; };
		36C781C11B36B41600321AE2 /* NSArray+BBUtil.h */ = {isa = PBXFileReference; fileEncoding = 4; lastKnownFileType = sourcecode.c.h; name = "NSArray+BBUtil.h"; path = "Categories/NSArray+BBUtil.h"; sourceTree = "<group>"; };
		36C781C21B36B41600321AE2 /* NSArray+BBUtil.m */ = {isa = PBXFileReference; fileEncoding = 4; lastKnownFileType = sourcecode.c.objc; name = "NSArray+BBUtil.m"; path = "Categories/NSArray+BBUtil.m"; sourceTree = "<group>"; };
		36C936031B4A65AF002B4946 /* UIButton+BBUtil.h */ = {isa = PBXFileReference; fileEncoding = 4; lastKnownFileType = sourcecode.c.h; name = "UIButton+BBUtil.h"; path = "Categories/UIButton+BBUtil.h"; sourceTree = "<group>"; };
		36C936041B4A65AF002B4946 /* UIButton+BBUtil.m */ = {isa = PBXFileReference; fileEncoding = 4; lastKnownFileType = sourcecode.c.objc; name = "UIButton+BBUtil.m"; path = "Categories/UIButton+BBUtil.m"; sourceTree = "<group>"; };
		36C9E64D1B1AC6840085D647 /* barbooks-ipad.app */ = {isa = PBXFileReference; explicitFileType = wrapper.application; includeInIndex = 0; path = "barbooks-ipad.app"; sourceTree = BUILT_PRODUCTS_DIR; };
		36C9E6511B1AC6840085D647 /* Info.plist */ = {isa = PBXFileReference; lastKnownFileType = text.plist.xml; path = Info.plist; sourceTree = "<group>"; };
		36C9E6521B1AC6840085D647 /* main.m */ = {isa = PBXFileReference; lastKnownFileType = sourcecode.c.objc; path = main.m; sourceTree = "<group>"; };
		36C9E6541B1AC6840085D647 /* AppDelegate.h */ = {isa = PBXFileReference; lastKnownFileType = sourcecode.c.h; path = AppDelegate.h; sourceTree = "<group>"; };
		36C9E6551B1AC6840085D647 /* AppDelegate.m */ = {isa = PBXFileReference; lastKnownFileType = sourcecode.c.objc; path = AppDelegate.m; sourceTree = "<group>"; };
		36C9E65A1B1AC6840085D647 /* MasterViewController.h */ = {isa = PBXFileReference; lastKnownFileType = sourcecode.c.h; path = MasterViewController.h; sourceTree = "<group>"; };
		36C9E65B1B1AC6840085D647 /* MasterViewController.m */ = {isa = PBXFileReference; lastKnownFileType = sourcecode.c.objc; path = MasterViewController.m; sourceTree = "<group>"; };
		36C9E65D1B1AC6840085D647 /* DetailViewController.h */ = {isa = PBXFileReference; lastKnownFileType = sourcecode.c.h; path = DetailViewController.h; sourceTree = "<group>"; };
		36C9E65E1B1AC6840085D647 /* DetailViewController.m */ = {isa = PBXFileReference; lastKnownFileType = sourcecode.c.objc; path = DetailViewController.m; sourceTree = "<group>"; };
		36C9E6611B1AC6840085D647 /* Base */ = {isa = PBXFileReference; lastKnownFileType = file.storyboard; name = Base; path = Base.lproj/Main.storyboard; sourceTree = "<group>"; };
		36C9E6631B1AC6840085D647 /* Images.xcassets */ = {isa = PBXFileReference; lastKnownFileType = folder.assetcatalog; path = Images.xcassets; sourceTree = "<group>"; };
		36C9E6661B1AC6840085D647 /* Base */ = {isa = PBXFileReference; lastKnownFileType = file.xib; name = Base; path = Base.lproj/LaunchScreen.xib; sourceTree = "<group>"; };
		36C9E66C1B1AC6840085D647 /* barbooks-ipadTests.xctest */ = {isa = PBXFileReference; explicitFileType = wrapper.cfbundle; includeInIndex = 0; path = "barbooks-ipadTests.xctest"; sourceTree = BUILT_PRODUCTS_DIR; };
		36C9E6711B1AC6840085D647 /* Info.plist */ = {isa = PBXFileReference; lastKnownFileType = text.plist.xml; path = Info.plist; sourceTree = "<group>"; };
		36C9E6721B1AC6840085D647 /* barbooks_ipadTests.m */ = {isa = PBXFileReference; lastKnownFileType = sourcecode.c.objc; path = barbooks_ipadTests.m; sourceTree = "<group>"; };
		36CC974E1B47B6CF00CB1C45 /* BBRateViewController.h */ = {isa = PBXFileReference; fileEncoding = 4; lastKnownFileType = sourcecode.c.h; name = BBRateViewController.h; path = UserInterface/Common/BBRateViewController.h; sourceTree = "<group>"; };
		36CC974F1B47B6CF00CB1C45 /* BBRateViewController.m */ = {isa = PBXFileReference; fileEncoding = 4; lastKnownFileType = sourcecode.c.objc; name = BBRateViewController.m; path = UserInterface/Common/BBRateViewController.m; sourceTree = "<group>"; };
		36CED1491B3A8E9900F421F5 /* BBDropDownListViewController.h */ = {isa = PBXFileReference; fileEncoding = 4; lastKnownFileType = sourcecode.c.h; name = BBDropDownListViewController.h; path = UserInterface/BBDropDownListViewController.h; sourceTree = "<group>"; };
		36CED14A1B3A8E9900F421F5 /* BBDropDownListViewController.m */ = {isa = PBXFileReference; fileEncoding = 4; lastKnownFileType = sourcecode.c.objc; name = BBDropDownListViewController.m; path = UserInterface/BBDropDownListViewController.m; sourceTree = "<group>"; };
		36DEF92A1B22FEE70053CD8C /* BBHomeViewController.h */ = {isa = PBXFileReference; fileEncoding = 4; lastKnownFileType = sourcecode.c.h; name = BBHomeViewController.h; path = UserInterface/BBHomeViewController.h; sourceTree = "<group>"; };
		36DEF92B1B22FEE70053CD8C /* BBHomeViewController.m */ = {isa = PBXFileReference; fileEncoding = 4; lastKnownFileType = sourcecode.c.objc; name = BBHomeViewController.m; path = UserInterface/BBHomeViewController.m; sourceTree = "<group>"; };
		36DEF92D1B231A2C0053CD8C /* BBMatterListViewController.h */ = {isa = PBXFileReference; fileEncoding = 4; lastKnownFileType = sourcecode.c.h; name = BBMatterListViewController.h; path = UserInterface/Matter/BBMatterListViewController.h; sourceTree = "<group>"; };
		36DEF92E1B231A2C0053CD8C /* BBMatterListViewController.m */ = {isa = PBXFileReference; fileEncoding = 4; lastKnownFileType = sourcecode.c.objc; name = BBMatterListViewController.m; path = UserInterface/Matter/BBMatterListViewController.m; sourceTree = "<group>"; };
		36DEF9301B25600C0053CD8C /* UISplitViewController+BBUtil.h */ = {isa = PBXFileReference; fileEncoding = 4; lastKnownFileType = sourcecode.c.h; name = "UISplitViewController+BBUtil.h"; path = "Categories/UISplitViewController+BBUtil.h"; sourceTree = "<group>"; };
		36DEF9311B25600C0053CD8C /* UISplitViewController+BBUtil.m */ = {isa = PBXFileReference; fileEncoding = 4; lastKnownFileType = sourcecode.c.objc; name = "UISplitViewController+BBUtil.m"; path = "Categories/UISplitViewController+BBUtil.m"; sourceTree = "<group>"; };
		36DEF9331B259FCB0053CD8C /* BBMatterViewController.h */ = {isa = PBXFileReference; fileEncoding = 4; lastKnownFileType = sourcecode.c.h; name = BBMatterViewController.h; path = UserInterface/Matter/BBMatterViewController.h; sourceTree = "<group>"; };
		36DEF9341B259FCB0053CD8C /* BBMatterViewController.m */ = {isa = PBXFileReference; fileEncoding = 4; lastKnownFileType = sourcecode.c.objc; name = BBMatterViewController.m; path = UserInterface/Matter/BBMatterViewController.m; sourceTree = "<group>"; };
		36DEF9A81B27052C0053CD8C /* DateTimeUtility.h */ = {isa = PBXFileReference; fileEncoding = 4; lastKnownFileType = sourcecode.c.h; name = DateTimeUtility.h; path = Common/DateTimeUtility.h; sourceTree = "<group>"; };
		36DEF9A91B27052C0053CD8C /* DateTimeUtility.m */ = {isa = PBXFileReference; fileEncoding = 4; lastKnownFileType = sourcecode.c.objc; name = DateTimeUtility.m; path = Common/DateTimeUtility.m; sourceTree = "<group>"; };
		36DEF9AA1B27052C0053CD8C /* GlobalAttributes.h */ = {isa = PBXFileReference; fileEncoding = 4; lastKnownFileType = sourcecode.c.h; name = GlobalAttributes.h; path = Common/GlobalAttributes.h; sourceTree = "<group>"; };
		36DEF9AB1B27052C0053CD8C /* GlobalAttributes.m */ = {isa = PBXFileReference; fileEncoding = 4; lastKnownFileType = sourcecode.c.objc; name = GlobalAttributes.m; path = Common/GlobalAttributes.m; sourceTree = "<group>"; };
		36DEF9FA1B2710600053CD8C /* RegularInvoice.h */ = {isa = PBXFileReference; fileEncoding = 4; lastKnownFileType = sourcecode.c.h; path = RegularInvoice.h; sourceTree = "<group>"; };
		36DEF9FB1B2710600053CD8C /* RegularInvoice.m */ = {isa = PBXFileReference; fileEncoding = 4; lastKnownFileType = sourcecode.c.objc; path = RegularInvoice.m; sourceTree = "<group>"; };
		36DEF9FD1B2710620053CD8C /* ReportDetailItem.h */ = {isa = PBXFileReference; fileEncoding = 4; lastKnownFileType = sourcecode.c.h; path = ReportDetailItem.h; sourceTree = "<group>"; };
		36DEF9FE1B2710620053CD8C /* ReportDetailItem.m */ = {isa = PBXFileReference; fileEncoding = 4; lastKnownFileType = sourcecode.c.objc; path = ReportDetailItem.m; sourceTree = "<group>"; };
		36DEFA001B2710640053CD8C /* Rate.h */ = {isa = PBXFileReference; fileEncoding = 4; lastKnownFileType = sourcecode.c.h; path = Rate.h; sourceTree = "<group>"; };
		36DEFA011B2710640053CD8C /* Rate.m */ = {isa = PBXFileReference; fileEncoding = 4; lastKnownFileType = sourcecode.c.objc; path = Rate.m; sourceTree = "<group>"; };
		36DEFA031B2710640053CD8C /* InterestInvoice.h */ = {isa = PBXFileReference; fileEncoding = 4; lastKnownFileType = sourcecode.c.h; path = InterestInvoice.h; sourceTree = "<group>"; };
		36DEFA041B2710640053CD8C /* InterestInvoice.m */ = {isa = PBXFileReference; fileEncoding = 4; lastKnownFileType = sourcecode.c.objc; path = InterestInvoice.m; sourceTree = "<group>"; };
		36DEFA061B2710640053CD8C /* CostsAgreement.h */ = {isa = PBXFileReference; fileEncoding = 4; lastKnownFileType = sourcecode.c.h; path = CostsAgreement.h; sourceTree = "<group>"; };
		36DEFA071B2710640053CD8C /* CostsAgreement.m */ = {isa = PBXFileReference; fileEncoding = 4; lastKnownFileType = sourcecode.c.objc; path = CostsAgreement.m; sourceTree = "<group>"; };
		36DEFA091B2710640053CD8C /* GeneralExpense.h */ = {isa = PBXFileReference; fileEncoding = 4; lastKnownFileType = sourcecode.c.h; path = GeneralExpense.h; sourceTree = "<group>"; };
		36DEFA0A1B2710640053CD8C /* GeneralExpense.m */ = {isa = PBXFileReference; fileEncoding = 4; lastKnownFileType = sourcecode.c.objc; path = GeneralExpense.m; sourceTree = "<group>"; };
		36DEFA0C1B2710640053CD8C /* BASReport.h */ = {isa = PBXFileReference; fileEncoding = 4; lastKnownFileType = sourcecode.c.h; path = BASReport.h; sourceTree = "<group>"; };
		36DEFA0D1B2710640053CD8C /* BASReport.m */ = {isa = PBXFileReference; fileEncoding = 4; lastKnownFileType = sourcecode.c.objc; path = BASReport.m; sourceTree = "<group>"; };
		36DEFA0F1B2710640053CD8C /* OutstandingAmount.h */ = {isa = PBXFileReference; fileEncoding = 4; lastKnownFileType = sourcecode.c.h; path = OutstandingAmount.h; sourceTree = "<group>"; };
		36DEFA101B2710640053CD8C /* OutstandingAmount.m */ = {isa = PBXFileReference; fileEncoding = 4; lastKnownFileType = sourcecode.c.objc; path = OutstandingAmount.m; sourceTree = "<group>"; };
		36DEFA121B2710640053CD8C /* Report.h */ = {isa = PBXFileReference; fileEncoding = 4; lastKnownFileType = sourcecode.c.h; path = Report.h; sourceTree = "<group>"; };
		36DEFA131B2710640053CD8C /* Report.m */ = {isa = PBXFileReference; fileEncoding = 4; lastKnownFileType = sourcecode.c.objc; path = Report.m; sourceTree = "<group>"; };
		36DEFA151B2710640053CD8C /* WriteOff.h */ = {isa = PBXFileReference; fileEncoding = 4; lastKnownFileType = sourcecode.c.h; path = WriteOff.h; sourceTree = "<group>"; };
		36DEFA161B2710640053CD8C /* WriteOff.m */ = {isa = PBXFileReference; fileEncoding = 4; lastKnownFileType = sourcecode.c.objc; path = WriteOff.m; sourceTree = "<group>"; };
		36DEFA181B2710640053CD8C /* Invoice.h */ = {isa = PBXFileReference; fileEncoding = 4; lastKnownFileType = sourcecode.c.h; path = Invoice.h; sourceTree = "<group>"; };
		36DEFA191B2710640053CD8C /* Invoice.m */ = {isa = PBXFileReference; fileEncoding = 4; lastKnownFileType = sourcecode.c.objc; path = Invoice.m; sourceTree = "<group>"; };
		36DEFA1B1B2710640053CD8C /* GeneralReceipt.h */ = {isa = PBXFileReference; fileEncoding = 4; lastKnownFileType = sourcecode.c.h; path = GeneralReceipt.h; sourceTree = "<group>"; };
		36DEFA1C1B2710640053CD8C /* GeneralReceipt.m */ = {isa = PBXFileReference; fileEncoding = 4; lastKnownFileType = sourcecode.c.objc; path = GeneralReceipt.m; sourceTree = "<group>"; };
		36DEFA1E1B2710640053CD8C /* Disbursement.h */ = {isa = PBXFileReference; fileEncoding = 4; lastKnownFileType = sourcecode.c.h; path = Disbursement.h; sourceTree = "<group>"; };
		36DEFA1F1B2710640053CD8C /* Disbursement.m */ = {isa = PBXFileReference; fileEncoding = 4; lastKnownFileType = sourcecode.c.objc; path = Disbursement.m; sourceTree = "<group>"; };
		36DEFA211B2710640053CD8C /* TaxRefund.h */ = {isa = PBXFileReference; fileEncoding = 4; lastKnownFileType = sourcecode.c.h; path = TaxRefund.h; sourceTree = "<group>"; };
		36DEFA221B2710640053CD8C /* TaxRefund.m */ = {isa = PBXFileReference; fileEncoding = 4; lastKnownFileType = sourcecode.c.objc; path = TaxRefund.m; sourceTree = "<group>"; };
		36DEFA241B2710650053CD8C /* ReceiptAllocation.h */ = {isa = PBXFileReference; fileEncoding = 4; lastKnownFileType = sourcecode.c.h; path = ReceiptAllocation.h; sourceTree = "<group>"; };
		36DEFA251B2710650053CD8C /* ReceiptAllocation.m */ = {isa = PBXFileReference; fileEncoding = 4; lastKnownFileType = sourcecode.c.objc; path = ReceiptAllocation.m; sourceTree = "<group>"; };
		36DEFA271B2710650053CD8C /* Expense.h */ = {isa = PBXFileReference; fileEncoding = 4; lastKnownFileType = sourcecode.c.h; path = Expense.h; sourceTree = "<group>"; };
		36DEFA281B2710650053CD8C /* Expense.m */ = {isa = PBXFileReference; fileEncoding = 4; lastKnownFileType = sourcecode.c.objc; path = Expense.m; sourceTree = "<group>"; };
		36DEFA2A1B2710650053CD8C /* Contact.h */ = {isa = PBXFileReference; fileEncoding = 4; lastKnownFileType = sourcecode.c.h; path = Contact.h; sourceTree = "<group>"; };
		36DEFA2B1B2710650053CD8C /* Contact.m */ = {isa = PBXFileReference; fileEncoding = 4; lastKnownFileType = sourcecode.c.objc; path = Contact.m; sourceTree = "<group>"; };
		36DEFA2D1B2710650053CD8C /* Account.h */ = {isa = PBXFileReference; fileEncoding = 4; lastKnownFileType = sourcecode.c.h; path = Account.h; sourceTree = "<group>"; };
		36DEFA2E1B2710650053CD8C /* Account.m */ = {isa = PBXFileReference; fileEncoding = 4; lastKnownFileType = sourcecode.c.objc; path = Account.m; sourceTree = "<group>"; };
		36DEFA301B2710650053CD8C /* Address.h */ = {isa = PBXFileReference; fileEncoding = 4; lastKnownFileType = sourcecode.c.h; path = Address.h; sourceTree = "<group>"; };
		36DEFA311B2710650053CD8C /* Address.m */ = {isa = PBXFileReference; fileEncoding = 4; lastKnownFileType = sourcecode.c.objc; path = Address.m; sourceTree = "<group>"; };
		36DEFA331B2710650053CD8C /* VariationOfFees.h */ = {isa = PBXFileReference; fileEncoding = 4; lastKnownFileType = sourcecode.c.h; path = VariationOfFees.h; sourceTree = "<group>"; };
		36DEFA341B2710650053CD8C /* VariationOfFees.m */ = {isa = PBXFileReference; fileEncoding = 4; lastKnownFileType = sourcecode.c.objc; path = VariationOfFees.m; sourceTree = "<group>"; };
		36DEFA361B2710650053CD8C /* Firm.h */ = {isa = PBXFileReference; fileEncoding = 4; lastKnownFileType = sourcecode.c.h; path = Firm.h; sourceTree = "<group>"; };
		36DEFA371B2710650053CD8C /* Firm.m */ = {isa = PBXFileReference; fileEncoding = 4; lastKnownFileType = sourcecode.c.objc; path = Firm.m; sourceTree = "<group>"; };
		36DEFA391B2710650053CD8C /* BBManagedObject.h */ = {isa = PBXFileReference; fileEncoding = 4; lastKnownFileType = sourcecode.c.h; path = BBManagedObject.h; sourceTree = "<group>"; };
		36DEFA3A1B2710650053CD8C /* BBManagedObject.m */ = {isa = PBXFileReference; fileEncoding = 4; lastKnownFileType = sourcecode.c.objc; path = BBManagedObject.m; sourceTree = "<group>"; };
		36DEFA3C1B2710650053CD8C /* Receipt.h */ = {isa = PBXFileReference; fileEncoding = 4; lastKnownFileType = sourcecode.c.h; path = Receipt.h; sourceTree = "<group>"; };
		36DEFA3D1B2710650053CD8C /* Receipt.m */ = {isa = PBXFileReference; fileEncoding = 4; lastKnownFileType = sourcecode.c.objc; path = Receipt.m; sourceTree = "<group>"; };
		36DEFA3F1B2710650053CD8C /* Attachment.h */ = {isa = PBXFileReference; fileEncoding = 4; lastKnownFileType = sourcecode.c.h; path = Attachment.h; sourceTree = "<group>"; };
		36DEFA401B2710650053CD8C /* Attachment.m */ = {isa = PBXFileReference; fileEncoding = 4; lastKnownFileType = sourcecode.c.objc; path = Attachment.m; sourceTree = "<group>"; };
		36DEFA421B2710650053CD8C /* Matter.h */ = {isa = PBXFileReference; fileEncoding = 4; lastKnownFileType = sourcecode.c.h; path = Matter.h; sourceTree = "<group>"; };
		36DEFA431B2710650053CD8C /* Matter.m */ = {isa = PBXFileReference; fileEncoding = 4; lastKnownFileType = sourcecode.c.objc; path = Matter.m; sourceTree = "<group>"; };
		36DEFA451B2710650053CD8C /* TaxExpense.h */ = {isa = PBXFileReference; fileEncoding = 4; lastKnownFileType = sourcecode.c.h; path = TaxExpense.h; sourceTree = "<group>"; };
		36DEFA461B2710650053CD8C /* TaxExpense.m */ = {isa = PBXFileReference; fileEncoding = 4; lastKnownFileType = sourcecode.c.objc; path = TaxExpense.m; sourceTree = "<group>"; };
		36DEFA481B2710660053CD8C /* Task.h */ = {isa = PBXFileReference; fileEncoding = 4; lastKnownFileType = sourcecode.c.h; path = Task.h; sourceTree = "<group>"; };
		36DEFA491B2710660053CD8C /* Task.m */ = {isa = PBXFileReference; fileEncoding = 4; lastKnownFileType = sourcecode.c.objc; path = Task.m; sourceTree = "<group>"; };
		36DEFA4B1B2710660053CD8C /* YETReport.h */ = {isa = PBXFileReference; fileEncoding = 4; lastKnownFileType = sourcecode.c.h; path = YETReport.h; sourceTree = "<group>"; };
		36DEFA4C1B2710660053CD8C /* YETReport.m */ = {isa = PBXFileReference; fileEncoding = 4; lastKnownFileType = sourcecode.c.objc; path = YETReport.m; sourceTree = "<group>"; };
		36DEFA4E1B2710660053CD8C /* Payment.h */ = {isa = PBXFileReference; fileEncoding = 4; lastKnownFileType = sourcecode.c.h; path = Payment.h; sourceTree = "<group>"; };
		36DEFA4F1B2710660053CD8C /* Payment.m */ = {isa = PBXFileReference; fileEncoding = 4; lastKnownFileType = sourcecode.c.objc; path = Payment.m; sourceTree = "<group>"; };
		36DEFA511B2710660053CD8C /* Discount.h */ = {isa = PBXFileReference; fileEncoding = 4; lastKnownFileType = sourcecode.c.h; path = Discount.h; sourceTree = "<group>"; };
		36DEFA521B2710660053CD8C /* Discount.m */ = {isa = PBXFileReference; fileEncoding = 4; lastKnownFileType = sourcecode.c.objc; path = Discount.m; sourceTree = "<group>"; };
		36DEFA541B2710660053CD8C /* Solicitor.h */ = {isa = PBXFileReference; fileEncoding = 4; lastKnownFileType = sourcecode.c.h; path = Solicitor.h; sourceTree = "<group>"; };
		36DEFA551B2710660053CD8C /* Solicitor.m */ = {isa = PBXFileReference; fileEncoding = 4; lastKnownFileType = sourcecode.c.objc; path = Solicitor.m; sourceTree = "<group>"; };
		36DEFA571B2710660053CD8C /* CAReport.h */ = {isa = PBXFileReference; fileEncoding = 4; lastKnownFileType = sourcecode.c.h; path = CAReport.h; sourceTree = "<group>"; };
		36DEFA581B2710660053CD8C /* CAReport.m */ = {isa = PBXFileReference; fileEncoding = 4; lastKnownFileType = sourcecode.c.objc; path = CAReport.m; sourceTree = "<group>"; };
		36DEFA5A1B2710660053CD8C /* ReportDetail.h */ = {isa = PBXFileReference; fileEncoding = 4; lastKnownFileType = sourcecode.c.h; path = ReportDetail.h; sourceTree = "<group>"; };
		36DEFA5B1B2710660053CD8C /* ReportDetail.m */ = {isa = PBXFileReference; fileEncoding = 4; lastKnownFileType = sourcecode.c.objc; path = ReportDetail.m; sourceTree = "<group>"; };
		36DEFA5D1B2710660053CD8C /* YETReportItem.h */ = {isa = PBXFileReference; fileEncoding = 4; lastKnownFileType = sourcecode.c.h; path = YETReportItem.h; sourceTree = "<group>"; };
		36DEFA5E1B2710660053CD8C /* YETReportItem.m */ = {isa = PBXFileReference; fileEncoding = 4; lastKnownFileType = sourcecode.c.objc; path = YETReportItem.m; sourceTree = "<group>"; };
		36DEFA601B2710660053CD8C /* OutstandingFees.h */ = {isa = PBXFileReference; fileEncoding = 4; lastKnownFileType = sourcecode.c.h; path = OutstandingFees.h; sourceTree = "<group>"; };
		36DEFA611B2710660053CD8C /* OutstandingFees.m */ = {isa = PBXFileReference; fileEncoding = 4; lastKnownFileType = sourcecode.c.objc; path = OutstandingFees.m; sourceTree = "<group>"; };
		36EB0E451B38DF7700AC7411 /* BBMatterCategoryListViewController.h */ = {isa = PBXFileReference; fileEncoding = 4; lastKnownFileType = sourcecode.c.h; name = BBMatterCategoryListViewController.h; path = UserInterface/Matter/BBMatterCategoryListViewController.h; sourceTree = "<group>"; };
		36EB0E461B38DF7700AC7411 /* BBMatterCategoryListViewController.m */ = {isa = PBXFileReference; fileEncoding = 4; lastKnownFileType = sourcecode.c.objc; name = BBMatterCategoryListViewController.m; path = UserInterface/Matter/BBMatterCategoryListViewController.m; sourceTree = "<group>"; };
		36EB0E491B38DFA200AC7411 /* BBTaskListViewController.h */ = {isa = PBXFileReference; fileEncoding = 4; lastKnownFileType = sourcecode.c.h; name = BBTaskListViewController.h; path = UserInterface/Task/BBTaskListViewController.h; sourceTree = "<group>"; };
		36EB0E4A1B38DFA200AC7411 /* BBTaskListViewController.m */ = {isa = PBXFileReference; fileEncoding = 4; lastKnownFileType = sourcecode.c.objc; name = BBTaskListViewController.m; path = UserInterface/Task/BBTaskListViewController.m; sourceTree = "<group>"; };
		36EB0E4C1B38DFD700AC7411 /* BBTaskViewController.h */ = {isa = PBXFileReference; fileEncoding = 4; lastKnownFileType = sourcecode.c.h; name = BBTaskViewController.h; path = UserInterface/Task/BBTaskViewController.h; sourceTree = "<group>"; };
		36EB0E4D1B38DFD700AC7411 /* BBTaskViewController.m */ = {isa = PBXFileReference; fileEncoding = 4; lastKnownFileType = sourcecode.c.objc; name = BBTaskViewController.m; path = UserInterface/Task/BBTaskViewController.m; sourceTree = "<group>"; };
		36EB0E4F1B38E0FA00AC7411 /* BBTaskListTableViewCell.h */ = {isa = PBXFileReference; fileEncoding = 4; lastKnownFileType = sourcecode.c.h; name = BBTaskListTableViewCell.h; path = UserInterface/Task/BBTaskListTableViewCell.h; sourceTree = "<group>"; };
		36EB0E501B38E0FA00AC7411 /* BBTaskListTableViewCell.m */ = {isa = PBXFileReference; fileEncoding = 4; lastKnownFileType = sourcecode.c.objc; name = BBTaskListTableViewCell.m; path = UserInterface/Task/BBTaskListTableViewCell.m; sourceTree = "<group>"; };
		36EB0E521B39674A00AC7411 /* BBTaskDelegate.h */ = {isa = PBXFileReference; fileEncoding = 4; lastKnownFileType = sourcecode.c.h; name = BBTaskDelegate.h; path = Protocals/BBTaskDelegate.h; sourceTree = "<group>"; };
		8618EA4FD2DC3531324F4342 /* Pods-barbooks-ipad.debug.xcconfig */ = {isa = PBXFileReference; includeInIndex = 1; lastKnownFileType = text.xcconfig; name = "Pods-barbooks-ipad.debug.xcconfig"; path = "Pods/Target Support Files/Pods-barbooks-ipad/Pods-barbooks-ipad.debug.xcconfig"; sourceTree = "<group>"; };
		DCCE2E9E5225B2BC91F578A0 /* libPods-barbooks-ipad.a */ = {isa = PBXFileReference; explicitFileType = archive.ar; includeInIndex = 0; path = "libPods-barbooks-ipad.a"; sourceTree = BUILT_PRODUCTS_DIR; };
/* End PBXFileReference section */

/* Begin PBXFrameworksBuildPhase section */
		36C9E64A1B1AC6840085D647 /* Frameworks */ = {
			isa = PBXFrameworksBuildPhase;
			buildActionMask = 2147483647;
			files = (
				13B2567A1F499FD23F022AE6 /* libPods-barbooks-ipad.a in Frameworks */,
			);
			runOnlyForDeploymentPostprocessing = 0;
		};
		36C9E6691B1AC6840085D647 /* Frameworks */ = {
			isa = PBXFrameworksBuildPhase;
			buildActionMask = 2147483647;
			files = (
			);
			runOnlyForDeploymentPostprocessing = 0;
		};
/* End PBXFrameworksBuildPhase section */

/* Begin PBXGroup section */
		360BD8EC1B770CC90012C4F0 /* Rate */ = {
			isa = PBXGroup;
			children = (
				360BD8ED1B770CF10012C4F0 /* BBRateListViewController.h */,
				360BD8EE1B770CF10012C4F0 /* BBRateListViewController.m */,
				36CC974E1B47B6CF00CB1C45 /* BBRateViewController.h */,
				36CC974F1B47B6CF00CB1C45 /* BBRateViewController.m */,
			);
			name = Rate;
			sourceTree = "<group>";
		};
		363C3A371B1C785C00B92513 /* UserInterface */ = {
			isa = PBXGroup;
			children = (
				36C39B8F1B7F0F4F00985DCB /* Account */,
				360BD8EC1B770CC90012C4F0 /* Rate */,
				363E45191B4FED1D0080CE38 /* Expense */,
				36B983901B3FD9B80030E915 /* Common */,
				36EB0E481B38DF7F00AC7411 /* Task */,
				36788FA11B2034A300B34D3E /* Matter */,
				363C3A381B1C786B00B92513 /* SlideMenu */,
				36788FA21B2034ED00B34D3E /* BBBaseViewController.h */,
				36788FA31B2034ED00B34D3E /* BBBaseViewController.m */,
				36788FA51B20350F00B34D3E /* BBBaseTableViewController.h */,
				36788FA61B20350F00B34D3E /* BBBaseTableViewController.m */,
				36DEF92A1B22FEE70053CD8C /* BBHomeViewController.h */,
				36DEF92B1B22FEE70053CD8C /* BBHomeViewController.m */,
			);
			name = UserInterface;
			sourceTree = "<group>";
		};
		363C3A381B1C786B00B92513 /* SlideMenu */ = {
			isa = PBXGroup;
			children = (
				363C3A3C1B1C7A6B00B92513 /* BBMenuViewController.h */,
				363C3A3D1B1C7A6B00B92513 /* BBMenuViewController.m */,
			);
			name = SlideMenu;
			sourceTree = "<group>";
		};
		363E45191B4FED1D0080CE38 /* Expense */ = {
			isa = PBXGroup;
			children = (
				363E451A1B4FED420080CE38 /* BBExpenseViewController.h */,
				363E451B1B4FED420080CE38 /* BBExpenseViewController.m */,
				362543051B512BB8004C8116 /* BBExpenseListViewController.h */,
				362543061B512BB8004C8116 /* BBExpenseListViewController.m */,
				362543081B512C08004C8116 /* BBExpenseTableViewCell.h */,
				362543091B512C08004C8116 /* BBExpenseTableViewCell.m */,
			);
			name = Expense;
			sourceTree = "<group>";
		};
		3667487A1B313D0200E23707 /* Protocals */ = {
			isa = PBXGroup;
			children = (
				3667487B1B313D4600E23707 /* BBMatterDelegate.h */,
				36EB0E521B39674A00AC7411 /* BBTaskDelegate.h */,
				36B983911B3FD9E90030E915 /* BBDropDownListDelegate.h */,
				360BD8F01B772D980012C4F0 /* BBRateDelegate.h */,
				360BD8F11B772DC60012C4F0 /* BBContactDelegate.h */,
			);
			name = Protocals;
			sourceTree = "<group>";
		};
		36788FA11B2034A300B34D3E /* Matter */ = {
			isa = PBXGroup;
			children = (
				36DEF92D1B231A2C0053CD8C /* BBMatterListViewController.h */,
				36DEF92E1B231A2C0053CD8C /* BBMatterListViewController.m */,
				36DEF9331B259FCB0053CD8C /* BBMatterViewController.h */,
				36DEF9341B259FCB0053CD8C /* BBMatterViewController.m */,
				3651DFBD1B3043F6007B321A /* BBMatterListTableViewCell.h */,
				3651DFBE1B3043F6007B321A /* BBMatterListTableViewCell.m */,
				366748771B3116BA00E23707 /* BBCreateSolicitorViewController.h */,
				366748781B3116BA00E23707 /* BBCreateSolicitorViewController.m */,
				36C781BB1B35014500321AE2 /* BBContactListViewController.h */,
				36C781BC1B35014500321AE2 /* BBContactListViewController.m */,
				36EB0E451B38DF7700AC7411 /* BBMatterCategoryListViewController.h */,
				36EB0E461B38DF7700AC7411 /* BBMatterCategoryListViewController.m */,
			);
			name = Matter;
			sourceTree = "<group>";
		};
		36788FA81B20364400B34D3E /* Categories */ = {
			isa = PBXGroup;
			children = (
				36788FA91B20368B00B34D3E /* NSDate+BBUtil.h */,
				36788FAA1B20368B00B34D3E /* NSDate+BBUtil.m */,
				36DEF9301B25600C0053CD8C /* UISplitViewController+BBUtil.h */,
				36DEF9311B25600C0053CD8C /* UISplitViewController+BBUtil.m */,
				3675632D1B2C2C73002C5738 /* UIFloatLabelTextField+BBUtil.h */,
				3675632E1B2C2C73002C5738 /* UIFloatLabelTextField+BBUtil.m */,
				367563301B2C2CCB002C5738 /* UIColor+BBUtil.h */,
				367563311B2C2CCB002C5738 /* UIColor+BBUtil.m */,
				3651DFB71B2EEC18007B321A /* UIResponder+BBUtil.h */,
				3651DFB81B2EEC18007B321A /* UIResponder+BBUtil.m */,
				3651DFBA1B2EF2BC007B321A /* NSString+BBUtil.h */,
				3651DFBB1B2EF2BC007B321A /* NSString+BBUtil.m */,
				36C781BE1B35985500321AE2 /* NSDecimalNumber+BBUtil.h */,
				36C781BF1B35985500321AE2 /* NSDecimalNumber+BBUtil.m */,
				36C781C11B36B41600321AE2 /* NSArray+BBUtil.h */,
				36C781C21B36B41600321AE2 /* NSArray+BBUtil.m */,
				36C936031B4A65AF002B4946 /* UIButton+BBUtil.h */,
				36C936041B4A65AF002B4946 /* UIButton+BBUtil.m */,
			);
			name = Categories;
			sourceTree = "<group>";
		};
		36B983901B3FD9B80030E915 /* Common */ = {
			isa = PBXGroup;
			children = (
				36CED1491B3A8E9900F421F5 /* BBDropDownListViewController.h */,
				36CED14A1B3A8E9900F421F5 /* BBDropDownListViewController.m */,
			);
			name = Common;
			sourceTree = "<group>";
		};
		36C39B8F1B7F0F4F00985DCB /* Account */ = {
			isa = PBXGroup;
			children = (
				36C39B901B7F0F8D00985DCB /* BBLoginViewController.h */,
				36C39B911B7F0F8D00985DCB /* BBLoginViewController.m */,
				36C39B931B7F0FC500985DCB /* BBSynchronizationViewController.h */,
				36C39B941B7F0FC500985DCB /* BBSynchronizationViewController.m */,
			);
			name = Account;
			sourceTree = "<group>";
		};
		36C9E6441B1AC6840085D647 = {
			isa = PBXGroup;
			children = (
				36C9E64F1B1AC6840085D647 /* barbooks-ipad */,
				36C9E66F1B1AC6840085D647 /* barbooks-ipadTests */,
				36C9E64E1B1AC6840085D647 /* Products */,
				EB31F5B922FBE1F04ADA685C /* Pods */,
				8A4FEF9AFCF6BC556AFF52E8 /* Frameworks */,
			);
			sourceTree = "<group>";
		};
		36C9E64E1B1AC6840085D647 /* Products */ = {
			isa = PBXGroup;
			children = (
				36C9E64D1B1AC6840085D647 /* barbooks-ipad.app */,
				36C9E66C1B1AC6840085D647 /* barbooks-ipadTests.xctest */,
			);
			name = Products;
			sourceTree = "<group>";
		};
		36C9E64F1B1AC6840085D647 /* barbooks-ipad */ = {
			isa = PBXGroup;
			children = (
				363ED8161B60A9AF00000A7A /* BarBooks.xcdatamodeld */,
				3667487A1B313D0200E23707 /* Protocals */,
				36DEF9AE1B2706890053CD8C /* Managers */,
				36DEF9A11B2704480053CD8C /* Common */,
				36DEF9361B27004D0053CD8C /* Models */,
				36788FA81B20364400B34D3E /* Categories */,
				363C3A371B1C785C00B92513 /* UserInterface */,
				36C9E6541B1AC6840085D647 /* AppDelegate.h */,
				36C9E6551B1AC6840085D647 /* AppDelegate.m */,
				36C9E65A1B1AC6840085D647 /* MasterViewController.h */,
				36C9E65B1B1AC6840085D647 /* MasterViewController.m */,
				36C9E65D1B1AC6840085D647 /* DetailViewController.h */,
				36C9E65E1B1AC6840085D647 /* DetailViewController.m */,
				36C9E6601B1AC6840085D647 /* Main.storyboard */,
				36C9E6631B1AC6840085D647 /* Images.xcassets */,
				36C9E6651B1AC6840085D647 /* LaunchScreen.xib */,
				36C9E6501B1AC6840085D647 /* Supporting Files */,
			);
			path = "barbooks-ipad";
			sourceTree = "<group>";
		};
		36C9E6501B1AC6840085D647 /* Supporting Files */ = {
			isa = PBXGroup;
			children = (
				36C9E6511B1AC6840085D647 /* Info.plist */,
				36C9E6521B1AC6840085D647 /* main.m */,
				363C3A3F1B1C7BF200B92513 /* PrefixHeader.pch */,
			);
			name = "Supporting Files";
			sourceTree = "<group>";
		};
		36C9E66F1B1AC6840085D647 /* barbooks-ipadTests */ = {
			isa = PBXGroup;
			children = (
				36C9E6721B1AC6840085D647 /* barbooks_ipadTests.m */,
				36C9E6701B1AC6840085D647 /* Supporting Files */,
			);
			path = "barbooks-ipadTests";
			sourceTree = "<group>";
		};
		36C9E6701B1AC6840085D647 /* Supporting Files */ = {
			isa = PBXGroup;
			children = (
				36C9E6711B1AC6840085D647 /* Info.plist */,
			);
			name = "Supporting Files";
			sourceTree = "<group>";
		};
		36DEF9361B27004D0053CD8C /* Models */ = {
			isa = PBXGroup;
			children = (
				36DEFA601B2710660053CD8C /* OutstandingFees.h */,
				36DEFA611B2710660053CD8C /* OutstandingFees.m */,
				36DEFA5D1B2710660053CD8C /* YETReportItem.h */,
				36DEFA5E1B2710660053CD8C /* YETReportItem.m */,
				36DEFA5A1B2710660053CD8C /* ReportDetail.h */,
				36DEFA5B1B2710660053CD8C /* ReportDetail.m */,
				36DEFA571B2710660053CD8C /* CAReport.h */,
				36DEFA581B2710660053CD8C /* CAReport.m */,
				36DEFA541B2710660053CD8C /* Solicitor.h */,
				36DEFA551B2710660053CD8C /* Solicitor.m */,
				36DEFA511B2710660053CD8C /* Discount.h */,
				36DEFA521B2710660053CD8C /* Discount.m */,
				36DEFA4E1B2710660053CD8C /* Payment.h */,
				36DEFA4F1B2710660053CD8C /* Payment.m */,
				36DEFA4B1B2710660053CD8C /* YETReport.h */,
				36DEFA4C1B2710660053CD8C /* YETReport.m */,
				36DEFA481B2710660053CD8C /* Task.h */,
				36DEFA491B2710660053CD8C /* Task.m */,
				36DEFA451B2710650053CD8C /* TaxExpense.h */,
				36DEFA461B2710650053CD8C /* TaxExpense.m */,
				36DEFA421B2710650053CD8C /* Matter.h */,
				36DEFA431B2710650053CD8C /* Matter.m */,
				36DEFA3F1B2710650053CD8C /* Attachment.h */,
				36DEFA401B2710650053CD8C /* Attachment.m */,
				36DEFA3C1B2710650053CD8C /* Receipt.h */,
				36DEFA3D1B2710650053CD8C /* Receipt.m */,
				36DEFA391B2710650053CD8C /* BBManagedObject.h */,
				36DEFA3A1B2710650053CD8C /* BBManagedObject.m */,
				36DEFA361B2710650053CD8C /* Firm.h */,
				36DEFA371B2710650053CD8C /* Firm.m */,
				36DEFA331B2710650053CD8C /* VariationOfFees.h */,
				36DEFA341B2710650053CD8C /* VariationOfFees.m */,
				36DEFA301B2710650053CD8C /* Address.h */,
				36DEFA311B2710650053CD8C /* Address.m */,
				36DEFA2D1B2710650053CD8C /* Account.h */,
				36DEFA2E1B2710650053CD8C /* Account.m */,
				36DEFA2A1B2710650053CD8C /* Contact.h */,
				36DEFA2B1B2710650053CD8C /* Contact.m */,
				36DEFA271B2710650053CD8C /* Expense.h */,
				36DEFA281B2710650053CD8C /* Expense.m */,
				36DEFA241B2710650053CD8C /* ReceiptAllocation.h */,
				36DEFA251B2710650053CD8C /* ReceiptAllocation.m */,
				36DEFA211B2710640053CD8C /* TaxRefund.h */,
				36DEFA221B2710640053CD8C /* TaxRefund.m */,
				36DEFA1E1B2710640053CD8C /* Disbursement.h */,
				36DEFA1F1B2710640053CD8C /* Disbursement.m */,
				36DEFA1B1B2710640053CD8C /* GeneralReceipt.h */,
				36DEFA1C1B2710640053CD8C /* GeneralReceipt.m */,
				36DEFA181B2710640053CD8C /* Invoice.h */,
				36DEFA191B2710640053CD8C /* Invoice.m */,
				36DEFA151B2710640053CD8C /* WriteOff.h */,
				36DEFA161B2710640053CD8C /* WriteOff.m */,
				36DEFA121B2710640053CD8C /* Report.h */,
				36DEFA131B2710640053CD8C /* Report.m */,
				36DEFA0F1B2710640053CD8C /* OutstandingAmount.h */,
				36DEFA101B2710640053CD8C /* OutstandingAmount.m */,
				36DEFA0C1B2710640053CD8C /* BASReport.h */,
				36DEFA0D1B2710640053CD8C /* BASReport.m */,
				36DEFA091B2710640053CD8C /* GeneralExpense.h */,
				36DEFA0A1B2710640053CD8C /* GeneralExpense.m */,
				36DEFA061B2710640053CD8C /* CostsAgreement.h */,
				36DEFA071B2710640053CD8C /* CostsAgreement.m */,
				36DEFA031B2710640053CD8C /* InterestInvoice.h */,
				36DEFA041B2710640053CD8C /* InterestInvoice.m */,
				36DEFA001B2710640053CD8C /* Rate.h */,
				36DEFA011B2710640053CD8C /* Rate.m */,
				36DEF9FD1B2710620053CD8C /* ReportDetailItem.h */,
				36DEF9FE1B2710620053CD8C /* ReportDetailItem.m */,
				36DEF9FA1B2710600053CD8C /* RegularInvoice.h */,
				36DEF9FB1B2710600053CD8C /* RegularInvoice.m */,
			);
			path = Models;
			sourceTree = "<group>";
		};
		36DEF9A11B2704480053CD8C /* Common */ = {
			isa = PBXGroup;
			children = (
				36DEF9A81B27052C0053CD8C /* DateTimeUtility.h */,
				36DEF9A91B27052C0053CD8C /* DateTimeUtility.m */,
				36DEF9AA1B27052C0053CD8C /* GlobalAttributes.h */,
				36DEF9AB1B27052C0053CD8C /* GlobalAttributes.m */,
				36062BC71B6CF6D80088DB29 /* BBTimers.h */,
				36062BC81B6CF6D80088DB29 /* BBTimers.m */,
				365F3CF81B7F5A7A0051D2C2 /* BBValidator.h */,
				365F3CF91B7F5A7A0051D2C2 /* BBValidator.m */,
			);
			name = Common;
			sourceTree = "<group>";
		};
		36DEF9AE1B2706890053CD8C /* Managers */ = {
			isa = PBXGroup;
			children = (
				367563261B29B0B4002C5738 /* BBCoreDataManager.h */,
				367563271B29B0B4002C5738 /* BBCoreDataManager.m */,
				36C39B8C1B7EC14400985DCB /* BBSubscriptionManager.h */,
				36C39B8D1B7EC14400985DCB /* BBSubscriptionManager.m */,
			);
			path = Managers;
			sourceTree = "<group>";
		};
		36EB0E481B38DF7F00AC7411 /* Task */ = {
			isa = PBXGroup;
			children = (
				36EB0E491B38DFA200AC7411 /* BBTaskListViewController.h */,
				36EB0E4A1B38DFA200AC7411 /* BBTaskListViewController.m */,
				36EB0E4C1B38DFD700AC7411 /* BBTaskViewController.h */,
				36EB0E4D1B38DFD700AC7411 /* BBTaskViewController.m */,
				36EB0E4F1B38E0FA00AC7411 /* BBTaskListTableViewCell.h */,
				36EB0E501B38E0FA00AC7411 /* BBTaskListTableViewCell.m */,
				36555FC71B43A8010006A2CA /* BBTaskTimer.h */,
				36555FC81B43A8010006A2CA /* BBTaskTimer.m */,
			);
			name = Task;
			sourceTree = "<group>";
		};
		8A4FEF9AFCF6BC556AFF52E8 /* Frameworks */ = {
			isa = PBXGroup;
			children = (
				DCCE2E9E5225B2BC91F578A0 /* libPods-barbooks-ipad.a */,
			);
			name = Frameworks;
			sourceTree = "<group>";
		};
		EB31F5B922FBE1F04ADA685C /* Pods */ = {
			isa = PBXGroup;
			children = (
				8618EA4FD2DC3531324F4342 /* Pods-barbooks-ipad.debug.xcconfig */,
				16ED6A71BF367FA077B7B0E6 /* Pods-barbooks-ipad.release.xcconfig */,
			);
			name = Pods;
			sourceTree = "<group>";
		};
/* End PBXGroup section */

/* Begin PBXNativeTarget section */
		36C9E64C1B1AC6840085D647 /* barbooks-ipad */ = {
			isa = PBXNativeTarget;
			buildConfigurationList = 36C9E6761B1AC6850085D647 /* Build configuration list for PBXNativeTarget "barbooks-ipad" */;
			buildPhases = (
				ABB24DB663C4F33BD302856D /* Check Pods Manifest.lock */,
				36C9E6491B1AC6840085D647 /* Sources */,
				36C9E64A1B1AC6840085D647 /* Frameworks */,
				36C9E64B1B1AC6840085D647 /* Resources */,
				D0A32646F7CCC154A181C964 /* Copy Pods Resources */,
			);
			buildRules = (
			);
			dependencies = (
			);
			name = "barbooks-ipad";
			productName = "barbooks-ipad";
			productReference = 36C9E64D1B1AC6840085D647 /* barbooks-ipad.app */;
			productType = "com.apple.product-type.application";
		};
		36C9E66B1B1AC6840085D647 /* barbooks-ipadTests */ = {
			isa = PBXNativeTarget;
			buildConfigurationList = 36C9E6791B1AC6850085D647 /* Build configuration list for PBXNativeTarget "barbooks-ipadTests" */;
			buildPhases = (
				36C9E6681B1AC6840085D647 /* Sources */,
				36C9E6691B1AC6840085D647 /* Frameworks */,
				36C9E66A1B1AC6840085D647 /* Resources */,
			);
			buildRules = (
			);
			dependencies = (
				36C9E66E1B1AC6840085D647 /* PBXTargetDependency */,
			);
			name = "barbooks-ipadTests";
			productName = "barbooks-ipadTests";
			productReference = 36C9E66C1B1AC6840085D647 /* barbooks-ipadTests.xctest */;
			productType = "com.apple.product-type.bundle.unit-test";
		};
/* End PBXNativeTarget section */

/* Begin PBXProject section */
		36C9E6451B1AC6840085D647 /* Project object */ = {
			isa = PBXProject;
			attributes = {
				LastUpgradeCheck = 0620;
				ORGANIZATIONNAME = Censea;
				TargetAttributes = {
					36C9E64C1B1AC6840085D647 = {
						CreatedOnToolsVersion = 6.2;
						DevelopmentTeam = 4RGE7J3J76;
					};
					36C9E66B1B1AC6840085D647 = {
						CreatedOnToolsVersion = 6.2;
						DevelopmentTeam = 4RGE7J3J76;
						TestTargetID = 36C9E64C1B1AC6840085D647;
					};
				};
			};
			buildConfigurationList = 36C9E6481B1AC6840085D647 /* Build configuration list for PBXProject "barbooks-ipad" */;
			compatibilityVersion = "Xcode 3.2";
			developmentRegion = English;
			hasScannedForEncodings = 0;
			knownRegions = (
				en,
				Base,
			);
			mainGroup = 36C9E6441B1AC6840085D647;
			productRefGroup = 36C9E64E1B1AC6840085D647 /* Products */;
			projectDirPath = "";
			projectRoot = "";
			targets = (
				36C9E64C1B1AC6840085D647 /* barbooks-ipad */,
				36C9E66B1B1AC6840085D647 /* barbooks-ipadTests */,
			);
		};
/* End PBXProject section */

/* Begin PBXResourcesBuildPhase section */
		36C9E64B1B1AC6840085D647 /* Resources */ = {
			isa = PBXResourcesBuildPhase;
			buildActionMask = 2147483647;
			files = (
				36C9E6621B1AC6840085D647 /* Main.storyboard in Resources */,
				36C9E6671B1AC6840085D647 /* LaunchScreen.xib in Resources */,
				36C9E6641B1AC6840085D647 /* Images.xcassets in Resources */,
			);
			runOnlyForDeploymentPostprocessing = 0;
		};
		36C9E66A1B1AC6840085D647 /* Resources */ = {
			isa = PBXResourcesBuildPhase;
			buildActionMask = 2147483647;
			files = (
			);
			runOnlyForDeploymentPostprocessing = 0;
		};
/* End PBXResourcesBuildPhase section */

/* Begin PBXShellScriptBuildPhase section */
		ABB24DB663C4F33BD302856D /* Check Pods Manifest.lock */ = {
			isa = PBXShellScriptBuildPhase;
			buildActionMask = 2147483647;
			files = (
			);
			inputPaths = (
			);
			name = "Check Pods Manifest.lock";
			outputPaths = (
			);
			runOnlyForDeploymentPostprocessing = 0;
			shellPath = /bin/sh;
			shellScript = "diff \"${PODS_ROOT}/../Podfile.lock\" \"${PODS_ROOT}/Manifest.lock\" > /dev/null\nif [[ $? != 0 ]] ; then\n    cat << EOM\nerror: The sandbox is not in sync with the Podfile.lock. Run 'pod install' or update your CocoaPods installation.\nEOM\n    exit 1\nfi\n";
			showEnvVarsInLog = 0;
		};
		D0A32646F7CCC154A181C964 /* Copy Pods Resources */ = {
			isa = PBXShellScriptBuildPhase;
			buildActionMask = 2147483647;
			files = (
			);
			inputPaths = (
			);
			name = "Copy Pods Resources";
			outputPaths = (
			);
			runOnlyForDeploymentPostprocessing = 0;
			shellPath = /bin/sh;
			shellScript = "\"${SRCROOT}/Pods/Target Support Files/Pods-barbooks-ipad/Pods-barbooks-ipad-resources.sh\"\n";
			showEnvVarsInLog = 0;
		};
/* End PBXShellScriptBuildPhase section */

/* Begin PBXSourcesBuildPhase section */
		36C9E6491B1AC6840085D647 /* Sources */ = {
			isa = PBXSourcesBuildPhase;
			buildActionMask = 2147483647;
			files = (
				36DEFA081B2710640053CD8C /* CostsAgreement.m in Sources */,
				36DEF9AC1B27052C0053CD8C /* DateTimeUtility.m in Sources */,
				36C781BD1B35014500321AE2 /* BBContactListViewController.m in Sources */,
				36788FA41B2034ED00B34D3E /* BBBaseViewController.m in Sources */,
				36C781C31B36B41600321AE2 /* NSArray+BBUtil.m in Sources */,
				36DEFA441B2710650053CD8C /* Matter.m in Sources */,
				36DEFA471B2710650053CD8C /* TaxExpense.m in Sources */,
				36EB0E4E1B38DFD700AC7411 /* BBTaskViewController.m in Sources */,
				36DEFA141B2710640053CD8C /* Report.m in Sources */,
				36DEFA5F1B2710660053CD8C /* YETReportItem.m in Sources */,
				36DEFA2F1B2710650053CD8C /* Account.m in Sources */,
				36DEFA4D1B2710660053CD8C /* YETReport.m in Sources */,
				3651DFB91B2EEC18007B321A /* UIResponder+BBUtil.m in Sources */,
				3651DFBF1B3043F6007B321A /* BBMatterListTableViewCell.m in Sources */,
				36555FC91B43A8010006A2CA /* BBTaskTimer.m in Sources */,
				36C9E65F1B1AC6840085D647 /* DetailViewController.m in Sources */,
				363E451C1B4FED420080CE38 /* BBExpenseViewController.m in Sources */,
				36DEFA1A1B2710640053CD8C /* Invoice.m in Sources */,
				36DEFA2C1B2710650053CD8C /* Contact.m in Sources */,
				36DEFA501B2710660053CD8C /* Payment.m in Sources */,
				36DEF9FC1B2710600053CD8C /* RegularInvoice.m in Sources */,
				36062BC91B6CF6D80088DB29 /* BBTimers.m in Sources */,
				36DEF9FF1B2710620053CD8C /* ReportDetailItem.m in Sources */,
				36DEFA1D1B2710640053CD8C /* GeneralReceipt.m in Sources */,
				3675632F1B2C2C73002C5738 /* UIFloatLabelTextField+BBUtil.m in Sources */,
				36DEFA381B2710650053CD8C /* Firm.m in Sources */,
				36C39B8E1B7EC14400985DCB /* BBSubscriptionManager.m in Sources */,
				36DEFA0B1B2710640053CD8C /* GeneralExpense.m in Sources */,
				36C9E65C1B1AC6840085D647 /* MasterViewController.m in Sources */,
				36EB0E471B38DF7700AC7411 /* BBMatterCategoryListViewController.m in Sources */,
				36C9E6561B1AC6840085D647 /* AppDelegate.m in Sources */,
				36DEFA261B2710650053CD8C /* ReceiptAllocation.m in Sources */,
				36CED14B1B3A8E9900F421F5 /* BBDropDownListViewController.m in Sources */,
				36C39B921B7F0F8D00985DCB /* BBLoginViewController.m in Sources */,
				36DEFA591B2710660053CD8C /* CAReport.m in Sources */,
				3651DFBC1B2EF2BC007B321A /* NSString+BBUtil.m in Sources */,
				36EB0E511B38E0FA00AC7411 /* BBTaskListTableViewCell.m in Sources */,
				36788FA71B20350F00B34D3E /* BBBaseTableViewController.m in Sources */,
				367563321B2C2CCB002C5738 /* UIColor+BBUtil.m in Sources */,
				36C936051B4A65AF002B4946 /* UIButton+BBUtil.m in Sources */,
				36DEFA531B2710660053CD8C /* Discount.m in Sources */,
				36DEFA3B1B2710650053CD8C /* BBManagedObject.m in Sources */,
				36DEF92C1B22FEE70053CD8C /* BBHomeViewController.m in Sources */,
				365F3CFA1B7F5A7A0051D2C2 /* BBValidator.m in Sources */,
				36DEFA3E1B2710650053CD8C /* Receipt.m in Sources */,
				36CC97501B47B6CF00CB1C45 /* BBRateViewController.m in Sources */,
				36DEFA561B2710660053CD8C /* Solicitor.m in Sources */,
				36DEFA321B2710650053CD8C /* Address.m in Sources */,
				36DEFA171B2710640053CD8C /* WriteOff.m in Sources */,
				36DEF92F1B231A2C0053CD8C /* BBMatterListViewController.m in Sources */,
				367563281B29B0B4002C5738 /* BBCoreDataManager.m in Sources */,
				36DEFA411B2710650053CD8C /* Attachment.m in Sources */,
				363ED8351B60A9B000000A7A /* BarBooks.xcdatamodeld in Sources */,
				36EB0E4B1B38DFA200AC7411 /* BBTaskListViewController.m in Sources */,
				3625430A1B512C08004C8116 /* BBExpenseTableViewCell.m in Sources */,
				36DEFA051B2710640053CD8C /* InterestInvoice.m in Sources */,
				36DEF9351B259FCB0053CD8C /* BBMatterViewController.m in Sources */,
				36DEFA5C1B2710660053CD8C /* ReportDetail.m in Sources */,
				366748791B3116BA00E23707 /* BBCreateSolicitorViewController.m in Sources */,
				36C781C01B35985500321AE2 /* NSDecimalNumber+BBUtil.m in Sources */,
				36788FAB1B20368B00B34D3E /* NSDate+BBUtil.m in Sources */,
				36DEFA351B2710650053CD8C /* VariationOfFees.m in Sources */,
				36DEFA4A1B2710660053CD8C /* Task.m in Sources */,
				36DEFA621B2710660053CD8C /* OutstandingFees.m in Sources */,
				36DEFA231B2710640053CD8C /* TaxRefund.m in Sources */,
				36C9E6531B1AC6840085D647 /* main.m in Sources */,
				36DEFA111B2710640053CD8C /* OutstandingAmount.m in Sources */,
				363C3A3E1B1C7A6B00B92513 /* BBMenuViewController.m in Sources */,
				36C39B951B7F0FC500985DCB /* BBSynchronizationViewController.m in Sources */,
				36DEF9321B25600C0053CD8C /* UISplitViewController+BBUtil.m in Sources */,
				36DEF9AD1B27052C0053CD8C /* GlobalAttributes.m in Sources */,
				36DEFA291B2710650053CD8C /* Expense.m in Sources */,
				36DEFA0E1B2710640053CD8C /* BASReport.m in Sources */,
				360BD8EF1B770CF10012C4F0 /* BBRateListViewController.m in Sources */,
				362543071B512BB8004C8116 /* BBExpenseListViewController.m in Sources */,
				36DEFA021B2710640053CD8C /* Rate.m in Sources */,
				36DEFA201B2710640053CD8C /* Disbursement.m in Sources */,
			);
			runOnlyForDeploymentPostprocessing = 0;
		};
		36C9E6681B1AC6840085D647 /* Sources */ = {
			isa = PBXSourcesBuildPhase;
			buildActionMask = 2147483647;
			files = (
				36C9E6731B1AC6840085D647 /* barbooks_ipadTests.m in Sources */,
			);
			runOnlyForDeploymentPostprocessing = 0;
		};
/* End PBXSourcesBuildPhase section */

/* Begin PBXTargetDependency section */
		36C9E66E1B1AC6840085D647 /* PBXTargetDependency */ = {
			isa = PBXTargetDependency;
			target = 36C9E64C1B1AC6840085D647 /* barbooks-ipad */;
			targetProxy = 36C9E66D1B1AC6840085D647 /* PBXContainerItemProxy */;
		};
/* End PBXTargetDependency section */

/* Begin PBXVariantGroup section */
		36C9E6601B1AC6840085D647 /* Main.storyboard */ = {
			isa = PBXVariantGroup;
			children = (
				36C9E6611B1AC6840085D647 /* Base */,
			);
			name = Main.storyboard;
			sourceTree = "<group>";
		};
		36C9E6651B1AC6840085D647 /* LaunchScreen.xib */ = {
			isa = PBXVariantGroup;
			children = (
				36C9E6661B1AC6840085D647 /* Base */,
			);
			name = LaunchScreen.xib;
			sourceTree = "<group>";
		};
/* End PBXVariantGroup section */

/* Begin XCBuildConfiguration section */
		36C9E6741B1AC6850085D647 /* Debug */ = {
			isa = XCBuildConfiguration;
			buildSettings = {
				ALWAYS_SEARCH_USER_PATHS = NO;
				CLANG_CXX_LANGUAGE_STANDARD = "gnu++0x";
				CLANG_CXX_LIBRARY = "libc++";
				CLANG_ENABLE_MODULES = YES;
				CLANG_ENABLE_OBJC_ARC = YES;
				CLANG_WARN_BOOL_CONVERSION = YES;
				CLANG_WARN_CONSTANT_CONVERSION = YES;
				CLANG_WARN_DIRECT_OBJC_ISA_USAGE = YES_ERROR;
				CLANG_WARN_EMPTY_BODY = YES;
				CLANG_WARN_ENUM_CONVERSION = YES;
				CLANG_WARN_INT_CONVERSION = YES;
				CLANG_WARN_OBJC_ROOT_CLASS = YES_ERROR;
				CLANG_WARN_UNREACHABLE_CODE = YES;
				CLANG_WARN__DUPLICATE_METHOD_MATCH = YES;
				CODE_SIGN_IDENTITY = "iPhone Developer: Can Zhan (8BEDNLYJRA)";
				"CODE_SIGN_IDENTITY[sdk=iphoneos*]" = "iPhone Developer: Can Zhan (8BEDNLYJRA)";
				COPY_PHASE_STRIP = NO;
				ENABLE_STRICT_OBJC_MSGSEND = YES;
				GCC_C_LANGUAGE_STANDARD = gnu99;
				GCC_DYNAMIC_NO_PIC = NO;
				GCC_OPTIMIZATION_LEVEL = 0;
				GCC_PREPROCESSOR_DEFINITIONS = (
					"DEBUG=1",
					"$(inherited)",
				);
				GCC_SYMBOLS_PRIVATE_EXTERN = NO;
				GCC_WARN_64_TO_32_BIT_CONVERSION = YES;
				GCC_WARN_ABOUT_RETURN_TYPE = YES_ERROR;
				GCC_WARN_UNDECLARED_SELECTOR = YES;
				GCC_WARN_UNINITIALIZED_AUTOS = YES_AGGRESSIVE;
				GCC_WARN_UNUSED_FUNCTION = YES;
				GCC_WARN_UNUSED_VARIABLE = YES;
				IPHONEOS_DEPLOYMENT_TARGET = 8.0;
				MTL_ENABLE_DEBUG_INFO = YES;
				ONLY_ACTIVE_ARCH = YES;
				PROVISIONING_PROFILE = "a7cdbd90-3f87-4fac-90e9-3a1e2efc6675";
				SDKROOT = iphoneos;
				TARGETED_DEVICE_FAMILY = 2;
			};
			name = Debug;
		};
		36C9E6751B1AC6850085D647 /* Release */ = {
			isa = XCBuildConfiguration;
			buildSettings = {
				ALWAYS_SEARCH_USER_PATHS = NO;
				CLANG_CXX_LANGUAGE_STANDARD = "gnu++0x";
				CLANG_CXX_LIBRARY = "libc++";
				CLANG_ENABLE_MODULES = YES;
				CLANG_ENABLE_OBJC_ARC = YES;
				CLANG_WARN_BOOL_CONVERSION = YES;
				CLANG_WARN_CONSTANT_CONVERSION = YES;
				CLANG_WARN_DIRECT_OBJC_ISA_USAGE = YES_ERROR;
				CLANG_WARN_EMPTY_BODY = YES;
				CLANG_WARN_ENUM_CONVERSION = YES;
				CLANG_WARN_INT_CONVERSION = YES;
				CLANG_WARN_OBJC_ROOT_CLASS = YES_ERROR;
				CLANG_WARN_UNREACHABLE_CODE = YES;
				CLANG_WARN__DUPLICATE_METHOD_MATCH = YES;
				CODE_SIGN_IDENTITY = "iPhone Developer: Can Zhan (8BEDNLYJRA)";
				"CODE_SIGN_IDENTITY[sdk=iphoneos*]" = "iPhone Developer: Can Zhan (8BEDNLYJRA)";
				COPY_PHASE_STRIP = NO;
				ENABLE_NS_ASSERTIONS = NO;
				ENABLE_STRICT_OBJC_MSGSEND = YES;
				GCC_C_LANGUAGE_STANDARD = gnu99;
				GCC_WARN_64_TO_32_BIT_CONVERSION = YES;
				GCC_WARN_ABOUT_RETURN_TYPE = YES_ERROR;
				GCC_WARN_UNDECLARED_SELECTOR = YES;
				GCC_WARN_UNINITIALIZED_AUTOS = YES_AGGRESSIVE;
				GCC_WARN_UNUSED_FUNCTION = YES;
				GCC_WARN_UNUSED_VARIABLE = YES;
				IPHONEOS_DEPLOYMENT_TARGET = 8.0;
				MTL_ENABLE_DEBUG_INFO = NO;
				PROVISIONING_PROFILE = "a7cdbd90-3f87-4fac-90e9-3a1e2efc6675";
				SDKROOT = iphoneos;
				TARGETED_DEVICE_FAMILY = 2;
				VALIDATE_PRODUCT = YES;
			};
			name = Release;
		};
		36C9E6771B1AC6850085D647 /* Debug */ = {
			isa = XCBuildConfiguration;
			baseConfigurationReference = 8618EA4FD2DC3531324F4342 /* Pods-barbooks-ipad.debug.xcconfig */;
			buildSettings = {
				ASSETCATALOG_COMPILER_APPICON_NAME = AppIcon;
				CODE_SIGN_IDENTITY = "iPhone Developer";
				"CODE_SIGN_IDENTITY[sdk=iphoneos*]" = "iPhone Developer: Can Zhan (8BEDNLYJRA)";
				GCC_PRECOMPILE_PREFIX_HEADER = YES;
				GCC_PREFIX_HEADER = "barbooks-ipad/PrefixHeader.pch";
				INFOPLIST_FILE = "barbooks-ipad/Info.plist";
				IPHONEOS_DEPLOYMENT_TARGET = 8.0;
				LD_RUNPATH_SEARCH_PATHS = "$(inherited) @executable_path/Frameworks";
				PRODUCT_NAME = "$(TARGET_NAME)";
				PROVISIONING_PROFILE = "a7cdbd90-3f87-4fac-90e9-3a1e2efc6675";
				TARGETED_DEVICE_FAMILY = 2;
			};
			name = Debug;
		};
		36C9E6781B1AC6850085D647 /* Release */ = {
			isa = XCBuildConfiguration;
			baseConfigurationReference = 16ED6A71BF367FA077B7B0E6 /* Pods-barbooks-ipad.release.xcconfig */;
			buildSettings = {
				ASSETCATALOG_COMPILER_APPICON_NAME = AppIcon;
				CODE_SIGN_IDENTITY = "iPhone Developer";
				"CODE_SIGN_IDENTITY[sdk=iphoneos*]" = "iPhone Developer: Can Zhan (8BEDNLYJRA)";
				GCC_PRECOMPILE_PREFIX_HEADER = YES;
				GCC_PREFIX_HEADER = "barbooks-ipad/PrefixHeader.pch";
				INFOPLIST_FILE = "barbooks-ipad/Info.plist";
				IPHONEOS_DEPLOYMENT_TARGET = 8.0;
				LD_RUNPATH_SEARCH_PATHS = "$(inherited) @executable_path/Frameworks";
				PRODUCT_NAME = "$(TARGET_NAME)";
				PROVISIONING_PROFILE = "a7cdbd90-3f87-4fac-90e9-3a1e2efc6675";
				TARGETED_DEVICE_FAMILY = 2;
			};
			name = Release;
		};
		36C9E67A1B1AC6850085D647 /* Debug */ = {
			isa = XCBuildConfiguration;
			buildSettings = {
				BUNDLE_LOADER = "$(TEST_HOST)";
				CODE_SIGN_IDENTITY = "iPhone Developer";
				"CODE_SIGN_IDENTITY[sdk=iphoneos*]" = "iPhone Developer";
				FRAMEWORK_SEARCH_PATHS = (
					"$(SDKROOT)/Developer/Library/Frameworks",
					"$(inherited)",
				);
				GCC_PREPROCESSOR_DEFINITIONS = (
					"DEBUG=1",
					"$(inherited)",
				);
				INFOPLIST_FILE = "barbooks-ipadTests/Info.plist";
				LD_RUNPATH_SEARCH_PATHS = "$(inherited) @executable_path/Frameworks @loader_path/Frameworks";
				PRODUCT_NAME = "$(TARGET_NAME)";
				PROVISIONING_PROFILE = "";
				TEST_HOST = "";
			};
			name = Debug;
		};
		36C9E67B1B1AC6850085D647 /* Release */ = {
			isa = XCBuildConfiguration;
			buildSettings = {
				BUNDLE_LOADER = "$(TEST_HOST)";
				CODE_SIGN_IDENTITY = "iPhone Developer";
				"CODE_SIGN_IDENTITY[sdk=iphoneos*]" = "iPhone Developer";
				FRAMEWORK_SEARCH_PATHS = (
					"$(SDKROOT)/Developer/Library/Frameworks",
					"$(inherited)",
				);
				INFOPLIST_FILE = "barbooks-ipadTests/Info.plist";
				LD_RUNPATH_SEARCH_PATHS = "$(inherited) @executable_path/Frameworks @loader_path/Frameworks";
				PRODUCT_NAME = "$(TARGET_NAME)";
				PROVISIONING_PROFILE = "";
				TEST_HOST = "";
			};
			name = Release;
		};
/* End XCBuildConfiguration section */

/* Begin XCConfigurationList section */
		36C9E6481B1AC6840085D647 /* Build configuration list for PBXProject "barbooks-ipad" */ = {
			isa = XCConfigurationList;
			buildConfigurations = (
				36C9E6741B1AC6850085D647 /* Debug */,
				36C9E6751B1AC6850085D647 /* Release */,
			);
			defaultConfigurationIsVisible = 0;
			defaultConfigurationName = Release;
		};
		36C9E6761B1AC6850085D647 /* Build configuration list for PBXNativeTarget "barbooks-ipad" */ = {
			isa = XCConfigurationList;
			buildConfigurations = (
				36C9E6771B1AC6850085D647 /* Debug */,
				36C9E6781B1AC6850085D647 /* Release */,
			);
			defaultConfigurationIsVisible = 0;
			defaultConfigurationName = Release;
		};
		36C9E6791B1AC6850085D647 /* Build configuration list for PBXNativeTarget "barbooks-ipadTests" */ = {
			isa = XCConfigurationList;
			buildConfigurations = (
				36C9E67A1B1AC6850085D647 /* Debug */,
				36C9E67B1B1AC6850085D647 /* Release */,
			);
			defaultConfigurationIsVisible = 0;
			defaultConfigurationName = Release;
		};
/* End XCConfigurationList section */

/* Begin XCVersionGroup section */
		363ED8161B60A9AF00000A7A /* BarBooks.xcdatamodeld */ = {
			isa = XCVersionGroup;
			children = (
				363ED8171B60A9B000000A7A /* BarBooks 0.1.xcdatamodel */,
				363ED8181B60A9B000000A7A /* BarBooks 0.2.xcdatamodel */,
				363ED8191B60A9B000000A7A /* BarBooks 0.3.xcdatamodel */,
				363ED81A1B60A9B000000A7A /* BarBooks 0.4.xcdatamodel */,
				363ED81B1B60A9B000000A7A /* BarBooks 0.5.xcdatamodel */,
				363ED81C1B60A9B000000A7A /* BarBooks 0.6.xcdatamodel */,
				363ED81D1B60A9B000000A7A /* BarBooks 0.7.xcdatamodel */,
				363ED81E1B60A9B000000A7A /* BarBooks 0.8.xcdatamodel */,
				363ED81F1B60A9B000000A7A /* BarBooks 0.9.xcdatamodel */,
				363ED8201B60A9B000000A7A /* BarBooks 1.0.xcdatamodel */,
				363ED8211B60A9B000000A7A /* BarBooks 1.1.xcdatamodel */,
				363ED8221B60A9B000000A7A /* BarBooks 1.2.xcdatamodel */,
				363ED8231B60A9B000000A7A /* BarBooks 1.3.xcdatamodel */,
				363ED8241B60A9B000000A7A /* BarBooks 1.4.xcdatamodel */,
				363ED8251B60A9B000000A7A /* BarBooks 1.5.xcdatamodel */,
				363ED8261B60A9B000000A7A /* BarBooks 1.6.xcdatamodel */,
				363ED8271B60A9B000000A7A /* BarBooks 1.7.xcdatamodel */,
				363ED8281B60A9B000000A7A /* BarBooks 1.8.xcdatamodel */,
				363ED8291B60A9B000000A7A /* BarBooks 1.9.xcdatamodel */,
				363ED82A1B60A9B000000A7A /* BarBooks 2.1.xcdatamodel */,
				363ED82B1B60A9B000000A7A /* BarBooks 2.2.xcdatamodel */,
				363ED82C1B60A9B000000A7A /* BarBooks 2.3.xcdatamodel */,
				363ED82D1B60A9B000000A7A /* BarBooks 2.4.xcdatamodel */,
				363ED82E1B60A9B000000A7A /* BarBooks 2.5.xcdatamodel */,
				363ED82F1B60A9B000000A7A /* BarBooks 2.6.xcdatamodel */,
				363ED8301B60A9B000000A7A /* BarBooks 2.7.xcdatamodel */,
				363ED8311B60A9B000000A7A /* BarBooks 2.8.xcdatamodel */,
				363ED8321B60A9B000000A7A /* BarBooks 2.9.xcdatamodel */,
				363ED8331B60A9B000000A7A /* BarBooks 2.xcdatamodel */,
				363ED8341B60A9B000000A7A /* BarBooks.xcdatamodel */,
			);
			currentVersion = 363ED8321B60A9B000000A7A /* BarBooks 2.9.xcdatamodel */;
			path = BarBooks.xcdatamodeld;
			sourceTree = "<group>";
			versionGroupType = wrapper.xcdatamodel;
		};
/* End XCVersionGroup section */
	};
	rootObject = 36C9E6451B1AC6840085D647 /* Project object */;
}
